// !$*UTF8*$!
{
	archiveVersion = 1;
	classes = {
	};
	objectVersion = 56;
	objects = {

/* Begin PBXBuildFile section */
		404346982C743A0F004ED850 /* WidgetKit.framework in Frameworks */ = {isa = PBXBuildFile; fileRef = 404346972C743A0F004ED850 /* WidgetKit.framework */; };
		4043469A2C743A0F004ED850 /* SwiftUI.framework in Frameworks */ = {isa = PBXBuildFile; fileRef = 404346992C743A0F004ED850 /* SwiftUI.framework */; };
		4043469D2C743A10004ED850 /* ComplicationWidget.swift in Sources */ = {isa = PBXBuildFile; fileRef = 4043469C2C743A10004ED850 /* ComplicationWidget.swift */; };
		404346A12C743A11004ED850 /* Assets.xcassets in Resources */ = {isa = PBXBuildFile; fileRef = 404346A02C743A11004ED850 /* Assets.xcassets */; };
		404346A52C743A11004ED850 /* ComplicationWidgetExtension.appex in Embed Foundation Extensions */ = {isa = PBXBuildFile; fileRef = 404346952C743A0F004ED850 /* ComplicationWidgetExtension.appex */; settings = {ATTRIBUTES = (RemoveHeadersOnCopy, ); }; };
		404346AD2C745390004ED850 /* EmergencyPageView.swift in Sources */ = {isa = PBXBuildFile; fileRef = 404346AC2C745390004ED850 /* EmergencyPageView.swift */; };
		40B72FC72C6D0D8B00145D66 /* SafePlaceView.swift in Sources */ = {isa = PBXBuildFile; fileRef = 40B72FC62C6D0D8B00145D66 /* SafePlaceView.swift */; };
		40B72FC92C6D0E0E00145D66 /* SafePlaceModel.swift in Sources */ = {isa = PBXBuildFile; fileRef = 40B72FC82C6D0E0E00145D66 /* SafePlaceModel.swift */; };
		40B72FCB2C6D0E2D00145D66 /* SafePlaceViewModel.swift in Sources */ = {isa = PBXBuildFile; fileRef = 40B72FCA2C6D0E2D00145D66 /* SafePlaceViewModel.swift */; };
		40B72FCE2C6D0ED300145D66 /* GoogleMapsData.json in Resources */ = {isa = PBXBuildFile; fileRef = 40B72FCD2C6D0ED300145D66 /* GoogleMapsData.json */; };
		40B72FD02C6D10F300145D66 /* SearchPlaceView.swift in Sources */ = {isa = PBXBuildFile; fileRef = 40B72FCF2C6D10F300145D66 /* SearchPlaceView.swift */; };
		40B72FD42C6DA51000145D66 /* NearbyPlacesView.swift in Sources */ = {isa = PBXBuildFile; fileRef = 40B72FD32C6DA51000145D66 /* NearbyPlacesView.swift */; };
		40B72FDC2C71EC2F00145D66 /* EmergencyContactsView.swift in Sources */ = {isa = PBXBuildFile; fileRef = 40B72FDB2C71EC2F00145D66 /* EmergencyContactsView.swift */; };
		40B72FDE2C71EDC600145D66 /* EmergencyContactsViewModel.swift in Sources */ = {isa = PBXBuildFile; fileRef = 40B72FDD2C71EDC600145D66 /* EmergencyContactsViewModel.swift */; };
		40B72FE12C71F03C00145D66 /* EmergencyContactsModel.swift in Sources */ = {isa = PBXBuildFile; fileRef = 40B72FE02C71F03C00145D66 /* EmergencyContactsModel.swift */; };
		40B72FE32C720A1C00145D66 /* SearchNearbyViewModel.swift in Sources */ = {isa = PBXBuildFile; fileRef = 40B72FE22C720A1C00145D66 /* SearchNearbyViewModel.swift */; };
		40B72FE52C720A4C00145D66 /* NearbyPlacesModel.swift in Sources */ = {isa = PBXBuildFile; fileRef = 40B72FE42C720A4C00145D66 /* NearbyPlacesModel.swift */; };
		40E996A32C75E0190076CD3A /* EmergencyView.swift in Sources */ = {isa = PBXBuildFile; fileRef = 40E996A22C75E0190076CD3A /* EmergencyView.swift */; };
		AC395CFA2C743309003626BF /* MarkerIconView.swift in Sources */ = {isa = PBXBuildFile; fileRef = AC395CF92C743309003626BF /* MarkerIconView.swift */; };
		AC395CFC2C743803003626BF /* TextfieldWithMarkerView.swift in Sources */ = {isa = PBXBuildFile; fileRef = AC395CFB2C743803003626BF /* TextfieldWithMarkerView.swift */; };
		AC395CFE2C743925003626BF /* MarkerIcon.swift in Sources */ = {isa = PBXBuildFile; fileRef = AC395CFD2C743925003626BF /* MarkerIcon.swift */; };
		AC464E5D2C73A1EB0027AB69 /* WatchConnectivity.framework in Frameworks */ = {isa = PBXBuildFile; fileRef = AC464E5C2C73A1EB0027AB69 /* WatchConnectivity.framework */; };
		AC7E58792C74180100E591A1 /* MapOverlayView.swift in Sources */ = {isa = PBXBuildFile; fileRef = AC7E58782C74180100E591A1 /* MapOverlayView.swift */; };
		AC7E587C2C74192500E591A1 /* PointLogo.swift in Sources */ = {isa = PBXBuildFile; fileRef = AC7E587B2C74192500E591A1 /* PointLogo.swift */; };
		AC7E587D2C74193700E591A1 /* EmergencyContactsModel.swift in Sources */ = {isa = PBXBuildFile; fileRef = 40B72FE02C71F03C00145D66 /* EmergencyContactsModel.swift */; };
		AC7E587E2C74195900E591A1 /* NearbyPlacesModel.swift in Sources */ = {isa = PBXBuildFile; fileRef = 40B72FE42C720A4C00145D66 /* NearbyPlacesModel.swift */; };
		AC7E587F2C74196300E591A1 /* SafePlaceModel.swift in Sources */ = {isa = PBXBuildFile; fileRef = 40B72FC82C6D0E0E00145D66 /* SafePlaceModel.swift */; };
		AC7E58812C741A0600E591A1 /* Screen.swift in Sources */ = {isa = PBXBuildFile; fileRef = AC7E58802C741A0600E591A1 /* Screen.swift */; };
		AC7E58832C741A2600E591A1 /* Sheet.swift in Sources */ = {isa = PBXBuildFile; fileRef = AC7E58822C741A2600E591A1 /* Sheet.swift */; };
		AC7E58852C741A3D00E591A1 /* FullscreenCover.swift in Sources */ = {isa = PBXBuildFile; fileRef = AC7E58842C741A3D00E591A1 /* FullscreenCover.swift */; };
		AC8E96062C76D60C00AA7569 /* Overlay.swift in Sources */ = {isa = PBXBuildFile; fileRef = AC8E96052C76D60C00AA7569 /* Overlay.swift */; };
		AC8E96082C76DDFF00AA7569 /* ListCustomPlaces.swift in Sources */ = {isa = PBXBuildFile; fileRef = AC8E96072C76DDFF00AA7569 /* ListCustomPlaces.swift */; };
		AC8E960A2C76E13100AA7569 /* ListPlacesView.swift in Sources */ = {isa = PBXBuildFile; fileRef = AC8E96092C76E13100AA7569 /* ListPlacesView.swift */; };
		AC9BA3D12C744E37000021E3 /* Variables.swift in Sources */ = {isa = PBXBuildFile; fileRef = AC9BA3D02C744E37000021E3 /* Variables.swift */; };
		AC9BA3D22C7451C4000021E3 /* MarkerIcon.swift in Sources */ = {isa = PBXBuildFile; fileRef = AC395CFD2C743925003626BF /* MarkerIcon.swift */; };
		AC9BA3D72C747FBD000021E3 /* OnboardingView.swift in Sources */ = {isa = PBXBuildFile; fileRef = AC9BA3D62C747FBD000021E3 /* OnboardingView.swift */; };
		AC9BA3E42C74DDC0000021E3 /* ModalityTitleView.swift in Sources */ = {isa = PBXBuildFile; fileRef = ACE50A772C73051E007CA42D /* ModalityTitleView.swift */; };
		AC9BA3E72C74DE0D000021E3 /* SwiftDataContextManager.swift in Sources */ = {isa = PBXBuildFile; fileRef = FB6264772C6C915800CC2597 /* SwiftDataContextManager.swift */; };
		AC9BA3E82C74DEB0000021E3 /* MapPointViewModel.swift in Sources */ = {isa = PBXBuildFile; fileRef = ACE50A732C7303FC007CA42D /* MapPointViewModel.swift */; };
		AC9BA3E92C74DF03000021E3 /* Variables.swift in Sources */ = {isa = PBXBuildFile; fileRef = AC9BA3D02C744E37000021E3 /* Variables.swift */; };
		ACBB47562C6CEDA600AAC2AC /* MapPoint.swift in Sources */ = {isa = PBXBuildFile; fileRef = ACBB47552C6CEDA600AAC2AC /* MapPoint.swift */; };
		ACBB47572C6CEDA600AAC2AC /* MapPoint.swift in Sources */ = {isa = PBXBuildFile; fileRef = ACBB47552C6CEDA600AAC2AC /* MapPoint.swift */; };
		ACE50A742C7303FC007CA42D /* MapPointViewModel.swift in Sources */ = {isa = PBXBuildFile; fileRef = ACE50A732C7303FC007CA42D /* MapPointViewModel.swift */; };
		ACE50A762C73050C007CA42D /* CustomLocationNameView.swift in Sources */ = {isa = PBXBuildFile; fileRef = ACE50A752C73050C007CA42D /* CustomLocationNameView.swift */; };
		ACE50A782C73051E007CA42D /* ModalityTitleView.swift in Sources */ = {isa = PBXBuildFile; fileRef = ACE50A772C73051E007CA42D /* ModalityTitleView.swift */; };
		ACE50A7A2C73053D007CA42D /* LocationDetailView.swift in Sources */ = {isa = PBXBuildFile; fileRef = ACE50A792C73053D007CA42D /* LocationDetailView.swift */; };
		ACF3E0F92C7589AD00A99AD7 /* WatchConnect.swift in Sources */ = {isa = PBXBuildFile; fileRef = ACF3E0F82C7589AD00A99AD7 /* WatchConnect.swift */; };
		ACF3E0FA2C7589AD00A99AD7 /* WatchConnect.swift in Sources */ = {isa = PBXBuildFile; fileRef = ACF3E0F82C7589AD00A99AD7 /* WatchConnect.swift */; };
		FB1E826D2C77740000B89D94 /* RemoteDataSource.swift in Sources */ = {isa = PBXBuildFile; fileRef = FB62647B2C6C91B400CC2597 /* RemoteDataSource.swift */; };
		FB6263FF2C6C229E00CC2597 /* besafeApp.swift in Sources */ = {isa = PBXBuildFile; fileRef = FB6263FE2C6C229E00CC2597 /* besafeApp.swift */; };
		FB6264032C6C22A000CC2597 /* Assets.xcassets in Resources */ = {isa = PBXBuildFile; fileRef = FB6264022C6C22A000CC2597 /* Assets.xcassets */; };
		FB6264062C6C22A000CC2597 /* Preview Assets.xcassets in Resources */ = {isa = PBXBuildFile; fileRef = FB6264052C6C22A000CC2597 /* Preview Assets.xcassets */; };
		FB6264102C6C22A000CC2597 /* besafeTests.swift in Sources */ = {isa = PBXBuildFile; fileRef = FB62640F2C6C22A000CC2597 /* besafeTests.swift */; };
		FB62641A2C6C22A000CC2597 /* besafeUITests.swift in Sources */ = {isa = PBXBuildFile; fileRef = FB6264192C6C22A000CC2597 /* besafeUITests.swift */; };
		FB62641C2C6C22A000CC2597 /* besafeUITestsLaunchTests.swift in Sources */ = {isa = PBXBuildFile; fileRef = FB62641B2C6C22A000CC2597 /* besafeUITestsLaunchTests.swift */; };
		FB6264222C6C22A000CC2597 /* besafe Watch App.app in Embed Watch Content */ = {isa = PBXBuildFile; fileRef = FB6264212C6C22A000CC2597 /* besafe Watch App.app */; settings = {ATTRIBUTES = (RemoveHeadersOnCopy, ); }; };
		FB6264272C6C22A000CC2597 /* besafeApp.swift in Sources */ = {isa = PBXBuildFile; fileRef = FB6264262C6C22A000CC2597 /* besafeApp.swift */; };
		FB6264292C6C22A000CC2597 /* ContentView.swift in Sources */ = {isa = PBXBuildFile; fileRef = FB6264282C6C22A000CC2597 /* ContentView.swift */; };
		FB62642B2C6C22A000CC2597 /* Assets.xcassets in Resources */ = {isa = PBXBuildFile; fileRef = FB62642A2C6C22A000CC2597 /* Assets.xcassets */; };
		FB62642E2C6C22A000CC2597 /* Preview Assets.xcassets in Resources */ = {isa = PBXBuildFile; fileRef = FB62642D2C6C22A000CC2597 /* Preview Assets.xcassets */; };
		FB6264382C6C22A100CC2597 /* besafe_Watch_AppTests.swift in Sources */ = {isa = PBXBuildFile; fileRef = FB6264372C6C22A100CC2597 /* besafe_Watch_AppTests.swift */; };
		FB6264422C6C22A100CC2597 /* besafe_Watch_AppUITests.swift in Sources */ = {isa = PBXBuildFile; fileRef = FB6264412C6C22A100CC2597 /* besafe_Watch_AppUITests.swift */; };
		FB6264442C6C22A100CC2597 /* besafe_Watch_AppUITestsLaunchTests.swift in Sources */ = {isa = PBXBuildFile; fileRef = FB6264432C6C22A100CC2597 /* besafe_Watch_AppUITestsLaunchTests.swift */; };
		FB62645F2C6C34BE00CC2597 /* Router.swift in Sources */ = {isa = PBXBuildFile; fileRef = FB62645E2C6C34BE00CC2597 /* Router.swift */; };
		FB6264612C6C35F200CC2597 /* HomeView.swift in Sources */ = {isa = PBXBuildFile; fileRef = FB6264602C6C35F200CC2597 /* HomeView.swift */; };
		FB6264632C6C360100CC2597 /* DependencyInjection.swift in Sources */ = {isa = PBXBuildFile; fileRef = FB6264622C6C360100CC2597 /* DependencyInjection.swift */; };
		FB62646F2C6C39E700CC2597 /* Page1.storyboard in Resources */ = {isa = PBXBuildFile; fileRef = FB6264692C6C39E700CC2597 /* Page1.storyboard */; };
		FB6264702C6C39E700CC2597 /* Page1ViewController.swift in Sources */ = {isa = PBXBuildFile; fileRef = FB62646A2C6C39E700CC2597 /* Page1ViewController.swift */; };
		FB6264712C6C39E700CC2597 /* Page1Viewmodel.swift in Sources */ = {isa = PBXBuildFile; fileRef = FB62646B2C6C39E700CC2597 /* Page1Viewmodel.swift */; };
		FB6264782C6C915800CC2597 /* SwiftDataContextManager.swift in Sources */ = {isa = PBXBuildFile; fileRef = FB6264772C6C915800CC2597 /* SwiftDataContextManager.swift */; };
		FB62647C2C6C91B400CC2597 /* RemoteDataSource.swift in Sources */ = {isa = PBXBuildFile; fileRef = FB62647B2C6C91B400CC2597 /* RemoteDataSource.swift */; };
		FB6264802C6C968800CC2597 /* Extension.swift in Sources */ = {isa = PBXBuildFile; fileRef = FB62647F2C6C968800CC2597 /* Extension.swift */; };
		FB6264812C6C968800CC2597 /* Extension.swift in Sources */ = {isa = PBXBuildFile; fileRef = FB62647F2C6C968800CC2597 /* Extension.swift */; };
		FB6264832C6C976B00CC2597 /* Router.swift in Sources */ = {isa = PBXBuildFile; fileRef = FB6264822C6C976B00CC2597 /* Router.swift */; };
		FBACF0A72C74484200C3E522 /* TemporaryInitialViewmodel.swift in Sources */ = {isa = PBXBuildFile; fileRef = FBACF0A62C74484200C3E522 /* TemporaryInitialViewmodel.swift */; };
		FBACF0AC2C74820300C3E522 /* MainView.swift in Sources */ = {isa = PBXBuildFile; fileRef = FBACF0AB2C74820300C3E522 /* MainView.swift */; };
		FBACF0AE2C74824D00C3E522 /* MainViewModel.swift in Sources */ = {isa = PBXBuildFile; fileRef = FBACF0AD2C74824D00C3E522 /* MainViewModel.swift */; };
		FBACF0B02C74DB6C00C3E522 /* BackgroundBlur.swift in Sources */ = {isa = PBXBuildFile; fileRef = FBACF0AF2C74DB6C00C3E522 /* BackgroundBlur.swift */; };
		FBACF0B22C74F16500C3E522 /* ComplateDirectionView.swift in Sources */ = {isa = PBXBuildFile; fileRef = FBACF0B12C74F16500C3E522 /* ComplateDirectionView.swift */; };
		FBACF0B52C74F9E300C3E522 /* SafePlaceUtils.swift in Sources */ = {isa = PBXBuildFile; fileRef = FBACF0B42C74F9E300C3E522 /* SafePlaceUtils.swift */; };
		FBACF0B62C74F9E300C3E522 /* SafePlaceUtils.swift in Sources */ = {isa = PBXBuildFile; fileRef = FBACF0B42C74F9E300C3E522 /* SafePlaceUtils.swift */; };
		FBACF0B82C750B2300C3E522 /* ViewState.swift in Sources */ = {isa = PBXBuildFile; fileRef = FBACF0B72C750B2300C3E522 /* ViewState.swift */; };
		FBACF0B92C750B2300C3E522 /* ViewState.swift in Sources */ = {isa = PBXBuildFile; fileRef = FBACF0B72C750B2300C3E522 /* ViewState.swift */; };
		FBACF0C22C752BD900C3E522 /* DirectionViewmodel.swift in Sources */ = {isa = PBXBuildFile; fileRef = FBACF0C12C752BD900C3E522 /* DirectionViewmodel.swift */; };
		FBACF0C42C752C7C00C3E522 /* CompleteView.swift in Sources */ = {isa = PBXBuildFile; fileRef = FBACF0C32C752C7C00C3E522 /* CompleteView.swift */; };
		FBACF0C62C75931F00C3E522 /* ExcludePlaceModel.swift in Sources */ = {isa = PBXBuildFile; fileRef = FBACF0C52C75931F00C3E522 /* ExcludePlaceModel.swift */; };
		FBACF0C72C75AB8100C3E522 /* ExcludePlaceModel.swift in Sources */ = {isa = PBXBuildFile; fileRef = FBACF0C52C75931F00C3E522 /* ExcludePlaceModel.swift */; };
		FBACF0C92C75E1A900C3E522 /* MockLocation.gpx in Resources */ = {isa = PBXBuildFile; fileRef = FBACF0C82C75E1A900C3E522 /* MockLocation.gpx */; };
		FBACF0CA2C75E1A900C3E522 /* MockLocation.gpx in Resources */ = {isa = PBXBuildFile; fileRef = FBACF0C82C75E1A900C3E522 /* MockLocation.gpx */; };
		FBACF0CE2C769B1E00C3E522 /* RouteModel.swift in Sources */ = {isa = PBXBuildFile; fileRef = FBACF0CD2C769B1E00C3E522 /* RouteModel.swift */; };
		FBACF0CF2C769B1E00C3E522 /* RouteModel.swift in Sources */ = {isa = PBXBuildFile; fileRef = FBACF0CD2C769B1E00C3E522 /* RouteModel.swift */; };
		FBC3ED0E2C73C14A00996946 /* HeaderDirectionView.swift in Sources */ = {isa = PBXBuildFile; fileRef = FBC3ED092C73C14A00996946 /* HeaderDirectionView.swift */; };
		FBC3ED0F2C73C14A00996946 /* DirectionView.swift in Sources */ = {isa = PBXBuildFile; fileRef = FBC3ED0B2C73C14A00996946 /* DirectionView.swift */; };
		FBC3ED132C73C25700996946 /* LocationManager.swift in Sources */ = {isa = PBXBuildFile; fileRef = FBC3ED112C73C25700996946 /* LocationManager.swift */; };
		FBC3ED142C73C25700996946 /* LocationManager.swift in Sources */ = {isa = PBXBuildFile; fileRef = FBC3ED112C73C25700996946 /* LocationManager.swift */; };
		FBC3ED182C73C28000996946 /* Direction.swift in Sources */ = {isa = PBXBuildFile; fileRef = FBC3ED152C73C28000996946 /* Direction.swift */; };
		FBC3ED192C73C28000996946 /* Direction.swift in Sources */ = {isa = PBXBuildFile; fileRef = FBC3ED152C73C28000996946 /* Direction.swift */; };
		FBC3ED1A2C73C28000996946 /* TimeFormated.swift in Sources */ = {isa = PBXBuildFile; fileRef = FBC3ED162C73C28000996946 /* TimeFormated.swift */; };
		FBC3ED1B2C73C28000996946 /* TimeFormated.swift in Sources */ = {isa = PBXBuildFile; fileRef = FBC3ED162C73C28000996946 /* TimeFormated.swift */; };
		FBC3ED1D2C73C29D00996946 /* PlaceModel.swift in Sources */ = {isa = PBXBuildFile; fileRef = FBC3ED1C2C73C29D00996946 /* PlaceModel.swift */; };
		FBC3ED1E2C73C29D00996946 /* PlaceModel.swift in Sources */ = {isa = PBXBuildFile; fileRef = FBC3ED1C2C73C29D00996946 /* PlaceModel.swift */; };
		FBC3ED202C73C2FA00996946 /* PageControlView.swift in Sources */ = {isa = PBXBuildFile; fileRef = FBC3ED1F2C73C2FA00996946 /* PageControlView.swift */; };
		FBC3ED222C73C56000996946 /* FooterDirectionView.swift in Sources */ = {isa = PBXBuildFile; fileRef = FBC3ED212C73C56000996946 /* FooterDirectionView.swift */; };
/* End PBXBuildFile section */

/* Begin PBXContainerItemProxy section */
		404346A32C743A11004ED850 /* PBXContainerItemProxy */ = {
			isa = PBXContainerItemProxy;
			containerPortal = FB6263F32C6C229E00CC2597 /* Project object */;
			proxyType = 1;
			remoteGlobalIDString = 404346942C743A0F004ED850;
			remoteInfo = ComplicationWidgetExtension;
		};
		FB62640C2C6C22A000CC2597 /* PBXContainerItemProxy */ = {
			isa = PBXContainerItemProxy;
			containerPortal = FB6263F32C6C229E00CC2597 /* Project object */;
			proxyType = 1;
			remoteGlobalIDString = FB6263FA2C6C229E00CC2597;
			remoteInfo = besafe;
		};
		FB6264162C6C22A000CC2597 /* PBXContainerItemProxy */ = {
			isa = PBXContainerItemProxy;
			containerPortal = FB6263F32C6C229E00CC2597 /* Project object */;
			proxyType = 1;
			remoteGlobalIDString = FB6263FA2C6C229E00CC2597;
			remoteInfo = besafe;
		};
		FB6264232C6C22A000CC2597 /* PBXContainerItemProxy */ = {
			isa = PBXContainerItemProxy;
			containerPortal = FB6263F32C6C229E00CC2597 /* Project object */;
			proxyType = 1;
			remoteGlobalIDString = FB6264202C6C22A000CC2597;
			remoteInfo = "besafe Watch App";
		};
		FB6264342C6C22A100CC2597 /* PBXContainerItemProxy */ = {
			isa = PBXContainerItemProxy;
			containerPortal = FB6263F32C6C229E00CC2597 /* Project object */;
			proxyType = 1;
			remoteGlobalIDString = FB6264202C6C22A000CC2597;
			remoteInfo = "besafe Watch App";
		};
		FB62643E2C6C22A100CC2597 /* PBXContainerItemProxy */ = {
			isa = PBXContainerItemProxy;
			containerPortal = FB6263F32C6C229E00CC2597 /* Project object */;
			proxyType = 1;
			remoteGlobalIDString = FB6264202C6C22A000CC2597;
			remoteInfo = "besafe Watch App";
		};
/* End PBXContainerItemProxy section */

/* Begin PBXCopyFilesBuildPhase section */
		404346A62C743A11004ED850 /* Embed Foundation Extensions */ = {
			isa = PBXCopyFilesBuildPhase;
			buildActionMask = 2147483647;
			dstPath = "";
			dstSubfolderSpec = 13;
			files = (
				404346A52C743A11004ED850 /* ComplicationWidgetExtension.appex in Embed Foundation Extensions */,
			);
			name = "Embed Foundation Extensions";
			runOnlyForDeploymentPostprocessing = 0;
		};
		FB62644A2C6C22A100CC2597 /* Embed Watch Content */ = {
			isa = PBXCopyFilesBuildPhase;
			buildActionMask = 2147483647;
			dstPath = "$(CONTENTS_FOLDER_PATH)/Watch";
			dstSubfolderSpec = 16;
			files = (
				FB6264222C6C22A000CC2597 /* besafe Watch App.app in Embed Watch Content */,
			);
			name = "Embed Watch Content";
			runOnlyForDeploymentPostprocessing = 0;
		};
/* End PBXCopyFilesBuildPhase section */

/* Begin PBXFileReference section */
		404346952C743A0F004ED850 /* ComplicationWidgetExtension.appex */ = {isa = PBXFileReference; explicitFileType = "wrapper.app-extension"; includeInIndex = 0; path = ComplicationWidgetExtension.appex; sourceTree = BUILT_PRODUCTS_DIR; };
		404346972C743A0F004ED850 /* WidgetKit.framework */ = {isa = PBXFileReference; lastKnownFileType = wrapper.framework; name = WidgetKit.framework; path = System/Library/Frameworks/WidgetKit.framework; sourceTree = SDKROOT; };
		404346992C743A0F004ED850 /* SwiftUI.framework */ = {isa = PBXFileReference; lastKnownFileType = wrapper.framework; name = SwiftUI.framework; path = System/Library/Frameworks/SwiftUI.framework; sourceTree = SDKROOT; };
		4043469C2C743A10004ED850 /* ComplicationWidget.swift */ = {isa = PBXFileReference; lastKnownFileType = sourcecode.swift; path = ComplicationWidget.swift; sourceTree = "<group>"; };
		404346A02C743A11004ED850 /* Assets.xcassets */ = {isa = PBXFileReference; lastKnownFileType = folder.assetcatalog; path = Assets.xcassets; sourceTree = "<group>"; };
		404346A22C743A11004ED850 /* Info.plist */ = {isa = PBXFileReference; lastKnownFileType = text.plist.xml; path = Info.plist; sourceTree = "<group>"; };
		404346AC2C745390004ED850 /* EmergencyPageView.swift */ = {isa = PBXFileReference; lastKnownFileType = sourcecode.swift; path = EmergencyPageView.swift; sourceTree = "<group>"; };
		40B72FC62C6D0D8B00145D66 /* SafePlaceView.swift */ = {isa = PBXFileReference; lastKnownFileType = sourcecode.swift; path = SafePlaceView.swift; sourceTree = "<group>"; };
		40B72FC82C6D0E0E00145D66 /* SafePlaceModel.swift */ = {isa = PBXFileReference; lastKnownFileType = sourcecode.swift; path = SafePlaceModel.swift; sourceTree = "<group>"; };
		40B72FCA2C6D0E2D00145D66 /* SafePlaceViewModel.swift */ = {isa = PBXFileReference; lastKnownFileType = sourcecode.swift; path = SafePlaceViewModel.swift; sourceTree = "<group>"; };
		40B72FCD2C6D0ED300145D66 /* GoogleMapsData.json */ = {isa = PBXFileReference; fileEncoding = 4; lastKnownFileType = text.json; path = GoogleMapsData.json; sourceTree = "<group>"; };
		40B72FCF2C6D10F300145D66 /* SearchPlaceView.swift */ = {isa = PBXFileReference; lastKnownFileType = sourcecode.swift; path = SearchPlaceView.swift; sourceTree = "<group>"; };
		40B72FD32C6DA51000145D66 /* NearbyPlacesView.swift */ = {isa = PBXFileReference; lastKnownFileType = sourcecode.swift; path = NearbyPlacesView.swift; sourceTree = "<group>"; };
		40B72FDB2C71EC2F00145D66 /* EmergencyContactsView.swift */ = {isa = PBXFileReference; lastKnownFileType = sourcecode.swift; path = EmergencyContactsView.swift; sourceTree = "<group>"; };
		40B72FDD2C71EDC600145D66 /* EmergencyContactsViewModel.swift */ = {isa = PBXFileReference; lastKnownFileType = sourcecode.swift; path = EmergencyContactsViewModel.swift; sourceTree = "<group>"; };
		40B72FE02C71F03C00145D66 /* EmergencyContactsModel.swift */ = {isa = PBXFileReference; lastKnownFileType = sourcecode.swift; path = EmergencyContactsModel.swift; sourceTree = "<group>"; };
		40B72FE22C720A1C00145D66 /* SearchNearbyViewModel.swift */ = {isa = PBXFileReference; lastKnownFileType = sourcecode.swift; path = SearchNearbyViewModel.swift; sourceTree = "<group>"; };
		40B72FE42C720A4C00145D66 /* NearbyPlacesModel.swift */ = {isa = PBXFileReference; lastKnownFileType = sourcecode.swift; path = NearbyPlacesModel.swift; sourceTree = "<group>"; };
		40E996A22C75E0190076CD3A /* EmergencyView.swift */ = {isa = PBXFileReference; lastKnownFileType = sourcecode.swift; path = EmergencyView.swift; sourceTree = "<group>"; };
		AC395CF92C743309003626BF /* MarkerIconView.swift */ = {isa = PBXFileReference; lastKnownFileType = sourcecode.swift; path = MarkerIconView.swift; sourceTree = "<group>"; };
		AC395CFB2C743803003626BF /* TextfieldWithMarkerView.swift */ = {isa = PBXFileReference; lastKnownFileType = sourcecode.swift; path = TextfieldWithMarkerView.swift; sourceTree = "<group>"; };
		AC395CFD2C743925003626BF /* MarkerIcon.swift */ = {isa = PBXFileReference; lastKnownFileType = sourcecode.swift; path = MarkerIcon.swift; sourceTree = "<group>"; };
		AC464E5A2C73A1DE0027AB69 /* Info.plist */ = {isa = PBXFileReference; lastKnownFileType = text.plist; path = Info.plist; sourceTree = "<group>"; };
		AC464E5C2C73A1EB0027AB69 /* WatchConnectivity.framework */ = {isa = PBXFileReference; lastKnownFileType = wrapper.framework; name = WatchConnectivity.framework; path = Platforms/iPhoneOS.platform/Developer/SDKs/iPhoneOS17.4.sdk/System/Library/Frameworks/WatchConnectivity.framework; sourceTree = DEVELOPER_DIR; };
		AC7E58782C74180100E591A1 /* MapOverlayView.swift */ = {isa = PBXFileReference; lastKnownFileType = sourcecode.swift; path = MapOverlayView.swift; sourceTree = "<group>"; };
		AC7E587B2C74192500E591A1 /* PointLogo.swift */ = {isa = PBXFileReference; lastKnownFileType = sourcecode.swift; path = PointLogo.swift; sourceTree = "<group>"; };
		AC7E58802C741A0600E591A1 /* Screen.swift */ = {isa = PBXFileReference; lastKnownFileType = sourcecode.swift; path = Screen.swift; sourceTree = "<group>"; };
		AC7E58822C741A2600E591A1 /* Sheet.swift */ = {isa = PBXFileReference; lastKnownFileType = sourcecode.swift; path = Sheet.swift; sourceTree = "<group>"; };
		AC7E58842C741A3D00E591A1 /* FullscreenCover.swift */ = {isa = PBXFileReference; lastKnownFileType = sourcecode.swift; path = FullscreenCover.swift; sourceTree = "<group>"; };
		AC8E96052C76D60C00AA7569 /* Overlay.swift */ = {isa = PBXFileReference; lastKnownFileType = sourcecode.swift; path = Overlay.swift; sourceTree = "<group>"; };
		AC8E96072C76DDFF00AA7569 /* ListCustomPlaces.swift */ = {isa = PBXFileReference; lastKnownFileType = sourcecode.swift; path = ListCustomPlaces.swift; sourceTree = "<group>"; };
		AC8E96092C76E13100AA7569 /* ListPlacesView.swift */ = {isa = PBXFileReference; lastKnownFileType = sourcecode.swift; path = ListPlacesView.swift; sourceTree = "<group>"; };
		AC9BA3D02C744E37000021E3 /* Variables.swift */ = {isa = PBXFileReference; lastKnownFileType = sourcecode.swift; path = Variables.swift; sourceTree = "<group>"; };
		AC9BA3D62C747FBD000021E3 /* OnboardingView.swift */ = {isa = PBXFileReference; lastKnownFileType = sourcecode.swift; path = OnboardingView.swift; sourceTree = "<group>"; };
		AC9BA3EA2C756601000021E3 /* besafe.entitlements */ = {isa = PBXFileReference; lastKnownFileType = text.plist.entitlements; path = besafe.entitlements; sourceTree = "<group>"; };
		AC9BA3EB2C756614000021E3 /* besafe Watch App.entitlements */ = {isa = PBXFileReference; lastKnownFileType = text.plist.entitlements; path = "besafe Watch App.entitlements"; sourceTree = "<group>"; };
		ACBB47552C6CEDA600AAC2AC /* MapPoint.swift */ = {isa = PBXFileReference; lastKnownFileType = sourcecode.swift; path = MapPoint.swift; sourceTree = "<group>"; };
		ACE50A732C7303FC007CA42D /* MapPointViewModel.swift */ = {isa = PBXFileReference; fileEncoding = 4; lastKnownFileType = sourcecode.swift; path = MapPointViewModel.swift; sourceTree = "<group>"; };
		ACE50A752C73050C007CA42D /* CustomLocationNameView.swift */ = {isa = PBXFileReference; fileEncoding = 4; lastKnownFileType = sourcecode.swift; path = CustomLocationNameView.swift; sourceTree = "<group>"; };
		ACE50A772C73051E007CA42D /* ModalityTitleView.swift */ = {isa = PBXFileReference; fileEncoding = 4; lastKnownFileType = sourcecode.swift; path = ModalityTitleView.swift; sourceTree = "<group>"; };
		ACE50A792C73053D007CA42D /* LocationDetailView.swift */ = {isa = PBXFileReference; fileEncoding = 4; lastKnownFileType = sourcecode.swift; path = LocationDetailView.swift; sourceTree = "<group>"; };
		ACF3E0F82C7589AD00A99AD7 /* WatchConnect.swift */ = {isa = PBXFileReference; lastKnownFileType = sourcecode.swift; path = WatchConnect.swift; sourceTree = "<group>"; };
		FB6263FB2C6C229E00CC2597 /* besafe.app */ = {isa = PBXFileReference; explicitFileType = wrapper.application; includeInIndex = 0; path = besafe.app; sourceTree = BUILT_PRODUCTS_DIR; };
		FB6263FE2C6C229E00CC2597 /* besafeApp.swift */ = {isa = PBXFileReference; lastKnownFileType = sourcecode.swift; path = besafeApp.swift; sourceTree = "<group>"; };
		FB6264022C6C22A000CC2597 /* Assets.xcassets */ = {isa = PBXFileReference; lastKnownFileType = folder.assetcatalog; path = Assets.xcassets; sourceTree = "<group>"; };
		FB6264052C6C22A000CC2597 /* Preview Assets.xcassets */ = {isa = PBXFileReference; lastKnownFileType = folder.assetcatalog; path = "Preview Assets.xcassets"; sourceTree = "<group>"; };
		FB62640B2C6C22A000CC2597 /* besafeTests.xctest */ = {isa = PBXFileReference; explicitFileType = wrapper.cfbundle; includeInIndex = 0; path = besafeTests.xctest; sourceTree = BUILT_PRODUCTS_DIR; };
		FB62640F2C6C22A000CC2597 /* besafeTests.swift */ = {isa = PBXFileReference; lastKnownFileType = sourcecode.swift; path = besafeTests.swift; sourceTree = "<group>"; };
		FB6264152C6C22A000CC2597 /* besafeUITests.xctest */ = {isa = PBXFileReference; explicitFileType = wrapper.cfbundle; includeInIndex = 0; path = besafeUITests.xctest; sourceTree = BUILT_PRODUCTS_DIR; };
		FB6264192C6C22A000CC2597 /* besafeUITests.swift */ = {isa = PBXFileReference; lastKnownFileType = sourcecode.swift; path = besafeUITests.swift; sourceTree = "<group>"; };
		FB62641B2C6C22A000CC2597 /* besafeUITestsLaunchTests.swift */ = {isa = PBXFileReference; lastKnownFileType = sourcecode.swift; path = besafeUITestsLaunchTests.swift; sourceTree = "<group>"; };
		FB6264212C6C22A000CC2597 /* besafe Watch App.app */ = {isa = PBXFileReference; explicitFileType = wrapper.application; includeInIndex = 0; path = "besafe Watch App.app"; sourceTree = BUILT_PRODUCTS_DIR; };
		FB6264262C6C22A000CC2597 /* besafeApp.swift */ = {isa = PBXFileReference; lastKnownFileType = sourcecode.swift; path = besafeApp.swift; sourceTree = "<group>"; };
		FB6264282C6C22A000CC2597 /* ContentView.swift */ = {isa = PBXFileReference; lastKnownFileType = sourcecode.swift; path = ContentView.swift; sourceTree = "<group>"; };
		FB62642A2C6C22A000CC2597 /* Assets.xcassets */ = {isa = PBXFileReference; lastKnownFileType = folder.assetcatalog; path = Assets.xcassets; sourceTree = "<group>"; };
		FB62642D2C6C22A000CC2597 /* Preview Assets.xcassets */ = {isa = PBXFileReference; lastKnownFileType = folder.assetcatalog; path = "Preview Assets.xcassets"; sourceTree = "<group>"; };
		FB6264332C6C22A100CC2597 /* besafe Watch AppTests.xctest */ = {isa = PBXFileReference; explicitFileType = wrapper.cfbundle; includeInIndex = 0; path = "besafe Watch AppTests.xctest"; sourceTree = BUILT_PRODUCTS_DIR; };
		FB6264372C6C22A100CC2597 /* besafe_Watch_AppTests.swift */ = {isa = PBXFileReference; lastKnownFileType = sourcecode.swift; path = besafe_Watch_AppTests.swift; sourceTree = "<group>"; };
		FB62643D2C6C22A100CC2597 /* besafe Watch AppUITests.xctest */ = {isa = PBXFileReference; explicitFileType = wrapper.cfbundle; includeInIndex = 0; path = "besafe Watch AppUITests.xctest"; sourceTree = BUILT_PRODUCTS_DIR; };
		FB6264412C6C22A100CC2597 /* besafe_Watch_AppUITests.swift */ = {isa = PBXFileReference; lastKnownFileType = sourcecode.swift; path = besafe_Watch_AppUITests.swift; sourceTree = "<group>"; };
		FB6264432C6C22A100CC2597 /* besafe_Watch_AppUITestsLaunchTests.swift */ = {isa = PBXFileReference; lastKnownFileType = sourcecode.swift; path = besafe_Watch_AppUITestsLaunchTests.swift; sourceTree = "<group>"; };
		FB62645E2C6C34BE00CC2597 /* Router.swift */ = {isa = PBXFileReference; lastKnownFileType = sourcecode.swift; path = Router.swift; sourceTree = "<group>"; };
		FB6264602C6C35F200CC2597 /* HomeView.swift */ = {isa = PBXFileReference; lastKnownFileType = sourcecode.swift; path = HomeView.swift; sourceTree = "<group>"; };
		FB6264622C6C360100CC2597 /* DependencyInjection.swift */ = {isa = PBXFileReference; lastKnownFileType = sourcecode.swift; path = DependencyInjection.swift; sourceTree = "<group>"; };
		FB6264692C6C39E700CC2597 /* Page1.storyboard */ = {isa = PBXFileReference; fileEncoding = 4; lastKnownFileType = file.storyboard; path = Page1.storyboard; sourceTree = "<group>"; };
		FB62646A2C6C39E700CC2597 /* Page1ViewController.swift */ = {isa = PBXFileReference; fileEncoding = 4; lastKnownFileType = sourcecode.swift; path = Page1ViewController.swift; sourceTree = "<group>"; };
		FB62646B2C6C39E700CC2597 /* Page1Viewmodel.swift */ = {isa = PBXFileReference; fileEncoding = 4; lastKnownFileType = sourcecode.swift; path = Page1Viewmodel.swift; sourceTree = "<group>"; };
		FB6264772C6C915800CC2597 /* SwiftDataContextManager.swift */ = {isa = PBXFileReference; lastKnownFileType = sourcecode.swift; path = SwiftDataContextManager.swift; sourceTree = "<group>"; };
		FB62647B2C6C91B400CC2597 /* RemoteDataSource.swift */ = {isa = PBXFileReference; lastKnownFileType = sourcecode.swift; path = RemoteDataSource.swift; sourceTree = "<group>"; };
		FB62647F2C6C968800CC2597 /* Extension.swift */ = {isa = PBXFileReference; lastKnownFileType = sourcecode.swift; path = Extension.swift; sourceTree = "<group>"; };
		FB6264822C6C976B00CC2597 /* Router.swift */ = {isa = PBXFileReference; lastKnownFileType = sourcecode.swift; path = Router.swift; sourceTree = "<group>"; };
		FBACF0A62C74484200C3E522 /* TemporaryInitialViewmodel.swift */ = {isa = PBXFileReference; lastKnownFileType = sourcecode.swift; path = TemporaryInitialViewmodel.swift; sourceTree = "<group>"; };
		FBACF0AB2C74820300C3E522 /* MainView.swift */ = {isa = PBXFileReference; lastKnownFileType = sourcecode.swift; path = MainView.swift; sourceTree = "<group>"; };
		FBACF0AD2C74824D00C3E522 /* MainViewModel.swift */ = {isa = PBXFileReference; lastKnownFileType = sourcecode.swift; path = MainViewModel.swift; sourceTree = "<group>"; };
		FBACF0AF2C74DB6C00C3E522 /* BackgroundBlur.swift */ = {isa = PBXFileReference; lastKnownFileType = sourcecode.swift; path = BackgroundBlur.swift; sourceTree = "<group>"; };
		FBACF0B12C74F16500C3E522 /* ComplateDirectionView.swift */ = {isa = PBXFileReference; lastKnownFileType = sourcecode.swift; path = ComplateDirectionView.swift; sourceTree = "<group>"; };
		FBACF0B42C74F9E300C3E522 /* SafePlaceUtils.swift */ = {isa = PBXFileReference; lastKnownFileType = sourcecode.swift; path = SafePlaceUtils.swift; sourceTree = "<group>"; };
		FBACF0B72C750B2300C3E522 /* ViewState.swift */ = {isa = PBXFileReference; lastKnownFileType = sourcecode.swift; path = ViewState.swift; sourceTree = "<group>"; };
		FBACF0C12C752BD900C3E522 /* DirectionViewmodel.swift */ = {isa = PBXFileReference; lastKnownFileType = sourcecode.swift; path = DirectionViewmodel.swift; sourceTree = "<group>"; };
		FBACF0C32C752C7C00C3E522 /* CompleteView.swift */ = {isa = PBXFileReference; lastKnownFileType = sourcecode.swift; path = CompleteView.swift; sourceTree = "<group>"; };
		FBACF0C52C75931F00C3E522 /* ExcludePlaceModel.swift */ = {isa = PBXFileReference; lastKnownFileType = sourcecode.swift; path = ExcludePlaceModel.swift; sourceTree = "<group>"; };
		FBACF0C82C75E1A900C3E522 /* MockLocation.gpx */ = {isa = PBXFileReference; lastKnownFileType = text.xml; path = MockLocation.gpx; sourceTree = "<group>"; };
		FBACF0CD2C769B1E00C3E522 /* RouteModel.swift */ = {isa = PBXFileReference; lastKnownFileType = sourcecode.swift; path = RouteModel.swift; sourceTree = "<group>"; };
		FBC3ED092C73C14A00996946 /* HeaderDirectionView.swift */ = {isa = PBXFileReference; fileEncoding = 4; lastKnownFileType = sourcecode.swift; path = HeaderDirectionView.swift; sourceTree = "<group>"; };
		FBC3ED0B2C73C14A00996946 /* DirectionView.swift */ = {isa = PBXFileReference; fileEncoding = 4; lastKnownFileType = sourcecode.swift; path = DirectionView.swift; sourceTree = "<group>"; };
		FBC3ED112C73C25700996946 /* LocationManager.swift */ = {isa = PBXFileReference; fileEncoding = 4; lastKnownFileType = sourcecode.swift; path = LocationManager.swift; sourceTree = "<group>"; };
		FBC3ED152C73C28000996946 /* Direction.swift */ = {isa = PBXFileReference; fileEncoding = 4; lastKnownFileType = sourcecode.swift; path = Direction.swift; sourceTree = "<group>"; };
		FBC3ED162C73C28000996946 /* TimeFormated.swift */ = {isa = PBXFileReference; fileEncoding = 4; lastKnownFileType = sourcecode.swift; path = TimeFormated.swift; sourceTree = "<group>"; };
		FBC3ED1C2C73C29D00996946 /* PlaceModel.swift */ = {isa = PBXFileReference; fileEncoding = 4; lastKnownFileType = sourcecode.swift; path = PlaceModel.swift; sourceTree = "<group>"; };
		FBC3ED1F2C73C2FA00996946 /* PageControlView.swift */ = {isa = PBXFileReference; fileEncoding = 4; lastKnownFileType = sourcecode.swift; path = PageControlView.swift; sourceTree = "<group>"; };
		FBC3ED212C73C56000996946 /* FooterDirectionView.swift */ = {isa = PBXFileReference; lastKnownFileType = sourcecode.swift; path = FooterDirectionView.swift; sourceTree = "<group>"; };
/* End PBXFileReference section */

/* Begin PBXFrameworksBuildPhase section */
		404346922C743A0F004ED850 /* Frameworks */ = {
			isa = PBXFrameworksBuildPhase;
			buildActionMask = 2147483647;
			files = (
				4043469A2C743A0F004ED850 /* SwiftUI.framework in Frameworks */,
				404346982C743A0F004ED850 /* WidgetKit.framework in Frameworks */,
			);
			runOnlyForDeploymentPostprocessing = 0;
		};
		FB6263F82C6C229E00CC2597 /* Frameworks */ = {
			isa = PBXFrameworksBuildPhase;
			buildActionMask = 2147483647;
			files = (
				AC464E5D2C73A1EB0027AB69 /* WatchConnectivity.framework in Frameworks */,
			);
			runOnlyForDeploymentPostprocessing = 0;
		};
		FB6264082C6C22A000CC2597 /* Frameworks */ = {
			isa = PBXFrameworksBuildPhase;
			buildActionMask = 2147483647;
			files = (
			);
			runOnlyForDeploymentPostprocessing = 0;
		};
		FB6264122C6C22A000CC2597 /* Frameworks */ = {
			isa = PBXFrameworksBuildPhase;
			buildActionMask = 2147483647;
			files = (
			);
			runOnlyForDeploymentPostprocessing = 0;
		};
		FB62641E2C6C22A000CC2597 /* Frameworks */ = {
			isa = PBXFrameworksBuildPhase;
			buildActionMask = 2147483647;
			files = (
			);
			runOnlyForDeploymentPostprocessing = 0;
		};
		FB6264302C6C22A100CC2597 /* Frameworks */ = {
			isa = PBXFrameworksBuildPhase;
			buildActionMask = 2147483647;
			files = (
			);
			runOnlyForDeploymentPostprocessing = 0;
		};
		FB62643A2C6C22A100CC2597 /* Frameworks */ = {
			isa = PBXFrameworksBuildPhase;
			buildActionMask = 2147483647;
			files = (
			);
			runOnlyForDeploymentPostprocessing = 0;
		};
/* End PBXFrameworksBuildPhase section */

/* Begin PBXGroup section */
		404346962C743A0F004ED850 /* Frameworks */ = {
			isa = PBXGroup;
			children = (
				404346972C743A0F004ED850 /* WidgetKit.framework */,
				404346992C743A0F004ED850 /* SwiftUI.framework */,
			);
			name = Frameworks;
			sourceTree = "<group>";
		};
		4043469B2C743A10004ED850 /* ComplicationWidget */ = {
			isa = PBXGroup;
			children = (
				4043469C2C743A10004ED850 /* ComplicationWidget.swift */,
				404346A02C743A11004ED850 /* Assets.xcassets */,
				404346A22C743A11004ED850 /* Info.plist */,
			);
			path = ComplicationWidget;
			sourceTree = "<group>";
		};
		AC464E5B2C73A1EB0027AB69 /* Frameworks */ = {
			isa = PBXGroup;
			children = (
				AC464E5C2C73A1EB0027AB69 /* WatchConnectivity.framework */,
			);
			name = Frameworks;
			sourceTree = "<group>";
		};
		AC7E587A2C74191500E591A1 /* Enum */ = {
			isa = PBXGroup;
			children = (
				AC7E587B2C74192500E591A1 /* PointLogo.swift */,
				AC7E58802C741A0600E591A1 /* Screen.swift */,
				AC7E58822C741A2600E591A1 /* Sheet.swift */,
				AC7E58842C741A3D00E591A1 /* FullscreenCover.swift */,
				AC8E96052C76D60C00AA7569 /* Overlay.swift */,
			);
			path = Enum;
			sourceTree = "<group>";
		};
		AC7E58862C741A5E00E591A1 /* Root */ = {
			isa = PBXGroup;
			children = (
				40B72FD32C6DA51000145D66 /* NearbyPlacesView.swift */,
				40B72FC62C6D0D8B00145D66 /* SafePlaceView.swift */,
				40B72FDB2C71EC2F00145D66 /* EmergencyContactsView.swift */,
				FB6264602C6C35F200CC2597 /* HomeView.swift */,
			);
			path = Root;
			sourceTree = "<group>";
		};
		AC7E58872C741A8A00E591A1 /* Separated */ = {
			isa = PBXGroup;
			children = (
				ACE50A752C73050C007CA42D /* CustomLocationNameView.swift */,
				40B72FCF2C6D10F300145D66 /* SearchPlaceView.swift */,
				ACE50A792C73053D007CA42D /* LocationDetailView.swift */,
				AC7E58782C74180100E591A1 /* MapOverlayView.swift */,
			);
			path = Separated;
			sourceTree = "<group>";
		};
		AC9BA3D52C747FA8000021E3 /* Onboarding */ = {
			isa = PBXGroup;
			children = (
				AC9BA3D62C747FBD000021E3 /* OnboardingView.swift */,
			);
			path = Onboarding;
			sourceTree = "<group>";
		};
		ACE50A7B2C730636007CA42D /* ViewModel */ = {
			isa = PBXGroup;
			children = (
				40B72FE22C720A1C00145D66 /* SearchNearbyViewModel.swift */,
				40B72FDD2C71EDC600145D66 /* EmergencyContactsViewModel.swift */,
				40B72FCA2C6D0E2D00145D66 /* SafePlaceViewModel.swift */,
				ACE50A732C7303FC007CA42D /* MapPointViewModel.swift */,
			);
			path = ViewModel;
			sourceTree = "<group>";
		};
		ACE50A7C2C73064D007CA42D /* Map */ = {
			isa = PBXGroup;
			children = (
				AC7E58872C741A8A00E591A1 /* Separated */,
				AC7E58862C741A5E00E591A1 /* Root */,
			);
			path = Map;
			sourceTree = "<group>";
		};
		ACE50A7D2C730654007CA42D /* Custom Shared Components */ = {
			isa = PBXGroup;
			children = (
				FBC3ED1F2C73C2FA00996946 /* PageControlView.swift */,
				ACE50A772C73051E007CA42D /* ModalityTitleView.swift */,
				AC395CF92C743309003626BF /* MarkerIconView.swift */,
				AC395CFB2C743803003626BF /* TextfieldWithMarkerView.swift */,
				FBACF0AF2C74DB6C00C3E522 /* BackgroundBlur.swift */,
				AC8E96092C76E13100AA7569 /* ListPlacesView.swift */,
			);
			path = "Custom Shared Components";
			sourceTree = "<group>";
		};
		FB6263F22C6C229E00CC2597 = {
			isa = PBXGroup;
			children = (
				FB62647E2C6C966800CC2597 /* shared */,
				FB6263FD2C6C229E00CC2597 /* besafe */,
				FB62640E2C6C22A000CC2597 /* besafeTests */,
				FB6264182C6C22A000CC2597 /* besafeUITests */,
				FB6264252C6C22A000CC2597 /* besafe Watch App */,
				FB6264362C6C22A100CC2597 /* besafe Watch AppTests */,
				FB6264402C6C22A100CC2597 /* besafe Watch AppUITests */,
				4043469B2C743A10004ED850 /* ComplicationWidget */,
				404346962C743A0F004ED850 /* Frameworks */,
				FB6263FC2C6C229E00CC2597 /* Products */,
				AC464E5B2C73A1EB0027AB69 /* Frameworks */,
			);
			sourceTree = "<group>";
		};
		FB6263FC2C6C229E00CC2597 /* Products */ = {
			isa = PBXGroup;
			children = (
				FB6263FB2C6C229E00CC2597 /* besafe.app */,
				FB62640B2C6C22A000CC2597 /* besafeTests.xctest */,
				FB6264152C6C22A000CC2597 /* besafeUITests.xctest */,
				FB6264212C6C22A000CC2597 /* besafe Watch App.app */,
				FB6264332C6C22A100CC2597 /* besafe Watch AppTests.xctest */,
				FB62643D2C6C22A100CC2597 /* besafe Watch AppUITests.xctest */,
				404346952C743A0F004ED850 /* ComplicationWidgetExtension.appex */,
			);
			name = Products;
			sourceTree = "<group>";
		};
		FB6263FD2C6C229E00CC2597 /* besafe */ = {
			isa = PBXGroup;
			children = (
				AC9BA3EA2C756601000021E3 /* besafe.entitlements */,
				AC464E5A2C73A1DE0027AB69 /* Info.plist */,
				AC7E587A2C74191500E591A1 /* Enum */,
				FB62645D2C6C2EF800CC2597 /* App */,
				FB62647D2C6C93FC00CC2597 /* Model */,
				FB62645B2C6C22B500CC2597 /* View */,
				ACE50A7B2C730636007CA42D /* ViewModel */,
				FB62645A2C6C22AD00CC2597 /* Data */,
				FB6264022C6C22A000CC2597 /* Assets.xcassets */,
				FB6264042C6C22A000CC2597 /* Preview Content */,
			);
			path = besafe;
			sourceTree = "<group>";
		};
		FB6264042C6C22A000CC2597 /* Preview Content */ = {
			isa = PBXGroup;
			children = (
				FB6264052C6C22A000CC2597 /* Preview Assets.xcassets */,
			);
			path = "Preview Content";
			sourceTree = "<group>";
		};
		FB62640E2C6C22A000CC2597 /* besafeTests */ = {
			isa = PBXGroup;
			children = (
				FB62640F2C6C22A000CC2597 /* besafeTests.swift */,
			);
			path = besafeTests;
			sourceTree = "<group>";
		};
		FB6264182C6C22A000CC2597 /* besafeUITests */ = {
			isa = PBXGroup;
			children = (
				FB6264192C6C22A000CC2597 /* besafeUITests.swift */,
				FB62641B2C6C22A000CC2597 /* besafeUITestsLaunchTests.swift */,
			);
			path = besafeUITests;
			sourceTree = "<group>";
		};
		FB6264252C6C22A000CC2597 /* besafe Watch App */ = {
			isa = PBXGroup;
			children = (
				AC9BA3EB2C756614000021E3 /* besafe Watch App.entitlements */,
				FBACF0C02C752BC700C3E522 /* viewmodel */,
				FB6264752C6C4BB700CC2597 /* View */,
				FB6264742C6C4BAE00CC2597 /* App */,
				FB62642A2C6C22A000CC2597 /* Assets.xcassets */,
				FB62642C2C6C22A000CC2597 /* Preview Content */,
			);
			path = "besafe Watch App";
			sourceTree = "<group>";
		};
		FB62642C2C6C22A000CC2597 /* Preview Content */ = {
			isa = PBXGroup;
			children = (
				FB62642D2C6C22A000CC2597 /* Preview Assets.xcassets */,
			);
			path = "Preview Content";
			sourceTree = "<group>";
		};
		FB6264362C6C22A100CC2597 /* besafe Watch AppTests */ = {
			isa = PBXGroup;
			children = (
				FB6264372C6C22A100CC2597 /* besafe_Watch_AppTests.swift */,
			);
			path = "besafe Watch AppTests";
			sourceTree = "<group>";
		};
		FB6264402C6C22A100CC2597 /* besafe Watch AppUITests */ = {
			isa = PBXGroup;
			children = (
				FB6264412C6C22A100CC2597 /* besafe_Watch_AppUITests.swift */,
				FB6264432C6C22A100CC2597 /* besafe_Watch_AppUITestsLaunchTests.swift */,
			);
			path = "besafe Watch AppUITests";
			sourceTree = "<group>";
		};
		FB62645A2C6C22AD00CC2597 /* Data */ = {
			isa = PBXGroup;
			children = (
				40B72FCD2C6D0ED300145D66 /* GoogleMapsData.json */,
				FB6264762C6C913500CC2597 /* LocalDataSource */,
				FB62647B2C6C91B400CC2597 /* RemoteDataSource.swift */,
			);
			path = Data;
			sourceTree = "<group>";
		};
		FB62645B2C6C22B500CC2597 /* View */ = {
			isa = PBXGroup;
			children = (
				AC9BA3D52C747FA8000021E3 /* Onboarding */,
				FBACF0AA2C7481F800C3E522 /* Main */,
				FBACF0A52C74482600C3E522 /* TemporaryInitial */,
				FBC3ED0D2C73C14A00996946 /* Direction */,
				ACE50A7D2C730654007CA42D /* Custom Shared Components */,
				ACE50A7C2C73064D007CA42D /* Map */,
				FB62646C2C6C39E700CC2597 /* Page1 */,
				404346AC2C745390004ED850 /* EmergencyPageView.swift */,
				AC8E96072C76DDFF00AA7569 /* ListCustomPlaces.swift */,
			);
			path = View;
			sourceTree = "<group>";
		};
		FB62645D2C6C2EF800CC2597 /* App */ = {
			isa = PBXGroup;
			children = (
				FB6263FE2C6C229E00CC2597 /* besafeApp.swift */,
				FB62645E2C6C34BE00CC2597 /* Router.swift */,
				FB6264622C6C360100CC2597 /* DependencyInjection.swift */,
			);
			path = App;
			sourceTree = "<group>";
		};
		FB62646C2C6C39E700CC2597 /* Page1 */ = {
			isa = PBXGroup;
			children = (
				FB6264692C6C39E700CC2597 /* Page1.storyboard */,
				FB62646A2C6C39E700CC2597 /* Page1ViewController.swift */,
				FB62646B2C6C39E700CC2597 /* Page1Viewmodel.swift */,
			);
			path = Page1;
			sourceTree = "<group>";
		};
		FB6264742C6C4BAE00CC2597 /* App */ = {
			isa = PBXGroup;
			children = (
				FB6264262C6C22A000CC2597 /* besafeApp.swift */,
				FB6264822C6C976B00CC2597 /* Router.swift */,
			);
			path = App;
			sourceTree = "<group>";
		};
		FB6264752C6C4BB700CC2597 /* View */ = {
			isa = PBXGroup;
			children = (
				FB6264282C6C22A000CC2597 /* ContentView.swift */,
				FBACF0C32C752C7C00C3E522 /* CompleteView.swift */,
				40E996A22C75E0190076CD3A /* EmergencyView.swift */,
			);
			path = View;
			sourceTree = "<group>";
		};
		FB6264762C6C913500CC2597 /* LocalDataSource */ = {
			isa = PBXGroup;
			children = (
				FB6264772C6C915800CC2597 /* SwiftDataContextManager.swift */,
			);
			path = LocalDataSource;
			sourceTree = "<group>";
		};
		FB62647D2C6C93FC00CC2597 /* Model */ = {
			isa = PBXGroup;
			children = (
				40B72FC82C6D0E0E00145D66 /* SafePlaceModel.swift */,
				40B72FE42C720A4C00145D66 /* NearbyPlacesModel.swift */,
				40B72FE02C71F03C00145D66 /* EmergencyContactsModel.swift */,
				ACBB47552C6CEDA600AAC2AC /* MapPoint.swift */,
				AC395CFD2C743925003626BF /* MarkerIcon.swift */,
				FBACF0C52C75931F00C3E522 /* ExcludePlaceModel.swift */,
			);
			path = Model;
			sourceTree = "<group>";
		};
		FB62647E2C6C966800CC2597 /* shared */ = {
			isa = PBXGroup;
			children = (
				FBACF0B32C74F9C600C3E522 /* Utils */,
				FBC3ED172C73C28000996946 /* Model */,
				FBC3ED122C73C25700996946 /* Manager */,
				FB62647F2C6C968800CC2597 /* Extension.swift */,
				AC9BA3D02C744E37000021E3 /* Variables.swift */,
				ACF3E0F82C7589AD00A99AD7 /* WatchConnect.swift */,
				FBACF0C82C75E1A900C3E522 /* MockLocation.gpx */,
			);
			path = shared;
			sourceTree = "<group>";
		};
		FBACF0A52C74482600C3E522 /* TemporaryInitial */ = {
			isa = PBXGroup;
			children = (
				FBACF0A62C74484200C3E522 /* TemporaryInitialViewmodel.swift */,
			);
			path = TemporaryInitial;
			sourceTree = "<group>";
		};
		FBACF0AA2C7481F800C3E522 /* Main */ = {
			isa = PBXGroup;
			children = (
				FBACF0AB2C74820300C3E522 /* MainView.swift */,
				FBACF0AD2C74824D00C3E522 /* MainViewModel.swift */,
			);
			path = Main;
			sourceTree = "<group>";
		};
		FBACF0B32C74F9C600C3E522 /* Utils */ = {
			isa = PBXGroup;
			children = (
				FBACF0B42C74F9E300C3E522 /* SafePlaceUtils.swift */,
				FBACF0B72C750B2300C3E522 /* ViewState.swift */,
			);
			path = Utils;
			sourceTree = "<group>";
		};
		FBACF0C02C752BC700C3E522 /* viewmodel */ = {
			isa = PBXGroup;
			children = (
				FBACF0C12C752BD900C3E522 /* DirectionViewmodel.swift */,
			);
			path = viewmodel;
			sourceTree = "<group>";
		};
		FBC3ED0A2C73C14A00996946 /* Component */ = {
			isa = PBXGroup;
			children = (
				FBC3ED092C73C14A00996946 /* HeaderDirectionView.swift */,
				FBC3ED212C73C56000996946 /* FooterDirectionView.swift */,
			);
			path = Component;
			sourceTree = "<group>";
		};
		FBC3ED0D2C73C14A00996946 /* Direction */ = {
			isa = PBXGroup;
			children = (
				FBC3ED0A2C73C14A00996946 /* Component */,
				FBC3ED0B2C73C14A00996946 /* DirectionView.swift */,
				FBACF0B12C74F16500C3E522 /* ComplateDirectionView.swift */,
			);
			path = Direction;
			sourceTree = "<group>";
		};
		FBC3ED122C73C25700996946 /* Manager */ = {
			isa = PBXGroup;
			children = (
				FBC3ED112C73C25700996946 /* LocationManager.swift */,
			);
			path = Manager;
			sourceTree = "<group>";
		};
		FBC3ED172C73C28000996946 /* Model */ = {
			isa = PBXGroup;
			children = (
				FBC3ED1C2C73C29D00996946 /* PlaceModel.swift */,
				FBC3ED152C73C28000996946 /* Direction.swift */,
				FBC3ED162C73C28000996946 /* TimeFormated.swift */,
				FBACF0CD2C769B1E00C3E522 /* RouteModel.swift */,
			);
			path = Model;
			sourceTree = "<group>";
		};
/* End PBXGroup section */

/* Begin PBXNativeTarget section */
		404346942C743A0F004ED850 /* ComplicationWidgetExtension */ = {
			isa = PBXNativeTarget;
			buildConfigurationList = 404346A92C743A11004ED850 /* Build configuration list for PBXNativeTarget "ComplicationWidgetExtension" */;
			buildPhases = (
				404346912C743A0F004ED850 /* Sources */,
				404346922C743A0F004ED850 /* Frameworks */,
				404346932C743A0F004ED850 /* Resources */,
			);
			buildRules = (
			);
			dependencies = (
			);
			name = ComplicationWidgetExtension;
			productName = ComplicationWidgetExtension;
			productReference = 404346952C743A0F004ED850 /* ComplicationWidgetExtension.appex */;
			productType = "com.apple.product-type.app-extension";
		};
		FB6263FA2C6C229E00CC2597 /* besafe */ = {
			isa = PBXNativeTarget;
			buildConfigurationList = FB62644B2C6C22A100CC2597 /* Build configuration list for PBXNativeTarget "besafe" */;
			buildPhases = (
				FB6263F72C6C229E00CC2597 /* Sources */,
				FB6263F82C6C229E00CC2597 /* Frameworks */,
				FB6263F92C6C229E00CC2597 /* Resources */,
				FB62644A2C6C22A100CC2597 /* Embed Watch Content */,
			);
			buildRules = (
			);
			dependencies = (
				FB6264242C6C22A000CC2597 /* PBXTargetDependency */,
			);
			name = besafe;
			productName = besafe;
			productReference = FB6263FB2C6C229E00CC2597 /* besafe.app */;
			productType = "com.apple.product-type.application";
		};
		FB62640A2C6C22A000CC2597 /* besafeTests */ = {
			isa = PBXNativeTarget;
			buildConfigurationList = FB62644E2C6C22A100CC2597 /* Build configuration list for PBXNativeTarget "besafeTests" */;
			buildPhases = (
				FB6264072C6C22A000CC2597 /* Sources */,
				FB6264082C6C22A000CC2597 /* Frameworks */,
				FB6264092C6C22A000CC2597 /* Resources */,
			);
			buildRules = (
			);
			dependencies = (
				FB62640D2C6C22A000CC2597 /* PBXTargetDependency */,
			);
			name = besafeTests;
			productName = besafeTests;
			productReference = FB62640B2C6C22A000CC2597 /* besafeTests.xctest */;
			productType = "com.apple.product-type.bundle.unit-test";
		};
		FB6264142C6C22A000CC2597 /* besafeUITests */ = {
			isa = PBXNativeTarget;
			buildConfigurationList = FB6264512C6C22A100CC2597 /* Build configuration list for PBXNativeTarget "besafeUITests" */;
			buildPhases = (
				FB6264112C6C22A000CC2597 /* Sources */,
				FB6264122C6C22A000CC2597 /* Frameworks */,
				FB6264132C6C22A000CC2597 /* Resources */,
			);
			buildRules = (
			);
			dependencies = (
				FB6264172C6C22A000CC2597 /* PBXTargetDependency */,
			);
			name = besafeUITests;
			productName = besafeUITests;
			productReference = FB6264152C6C22A000CC2597 /* besafeUITests.xctest */;
			productType = "com.apple.product-type.bundle.ui-testing";
		};
		FB6264202C6C22A000CC2597 /* besafe Watch App */ = {
			isa = PBXNativeTarget;
			buildConfigurationList = FB6264472C6C22A100CC2597 /* Build configuration list for PBXNativeTarget "besafe Watch App" */;
			buildPhases = (
				FB62641D2C6C22A000CC2597 /* Sources */,
				FB62641E2C6C22A000CC2597 /* Frameworks */,
				FB62641F2C6C22A000CC2597 /* Resources */,
				404346A62C743A11004ED850 /* Embed Foundation Extensions */,
			);
			buildRules = (
			);
			dependencies = (
				404346A42C743A11004ED850 /* PBXTargetDependency */,
			);
			name = "besafe Watch App";
			productName = "besafe Watch App";
			productReference = FB6264212C6C22A000CC2597 /* besafe Watch App.app */;
			productType = "com.apple.product-type.application";
		};
		FB6264322C6C22A100CC2597 /* besafe Watch AppTests */ = {
			isa = PBXNativeTarget;
			buildConfigurationList = FB6264542C6C22A100CC2597 /* Build configuration list for PBXNativeTarget "besafe Watch AppTests" */;
			buildPhases = (
				FB62642F2C6C22A100CC2597 /* Sources */,
				FB6264302C6C22A100CC2597 /* Frameworks */,
				FB6264312C6C22A100CC2597 /* Resources */,
			);
			buildRules = (
			);
			dependencies = (
				FB6264352C6C22A100CC2597 /* PBXTargetDependency */,
			);
			name = "besafe Watch AppTests";
			productName = "besafe Watch AppTests";
			productReference = FB6264332C6C22A100CC2597 /* besafe Watch AppTests.xctest */;
			productType = "com.apple.product-type.bundle.unit-test";
		};
		FB62643C2C6C22A100CC2597 /* besafe Watch AppUITests */ = {
			isa = PBXNativeTarget;
			buildConfigurationList = FB6264572C6C22A100CC2597 /* Build configuration list for PBXNativeTarget "besafe Watch AppUITests" */;
			buildPhases = (
				FB6264392C6C22A100CC2597 /* Sources */,
				FB62643A2C6C22A100CC2597 /* Frameworks */,
				FB62643B2C6C22A100CC2597 /* Resources */,
			);
			buildRules = (
			);
			dependencies = (
				FB62643F2C6C22A100CC2597 /* PBXTargetDependency */,
			);
			name = "besafe Watch AppUITests";
			productName = "besafe Watch AppUITests";
			productReference = FB62643D2C6C22A100CC2597 /* besafe Watch AppUITests.xctest */;
			productType = "com.apple.product-type.bundle.ui-testing";
		};
/* End PBXNativeTarget section */

/* Begin PBXProject section */
		FB6263F32C6C229E00CC2597 /* Project object */ = {
			isa = PBXProject;
			attributes = {
				BuildIndependentTargetsInParallel = 1;
				LastSwiftUpdateCheck = 1520;
				LastUpgradeCheck = 1540;
				TargetAttributes = {
					404346942C743A0F004ED850 = {
						CreatedOnToolsVersion = 15.2;
					};
					FB6263FA2C6C229E00CC2597 = {
						CreatedOnToolsVersion = 15.4;
					};
					FB62640A2C6C22A000CC2597 = {
						CreatedOnToolsVersion = 15.4;
						TestTargetID = FB6263FA2C6C229E00CC2597;
					};
					FB6264142C6C22A000CC2597 = {
						CreatedOnToolsVersion = 15.4;
						TestTargetID = FB6263FA2C6C229E00CC2597;
					};
					FB6264202C6C22A000CC2597 = {
						CreatedOnToolsVersion = 15.4;
					};
					FB6264322C6C22A100CC2597 = {
						CreatedOnToolsVersion = 15.4;
						TestTargetID = FB6264202C6C22A000CC2597;
					};
					FB62643C2C6C22A100CC2597 = {
						CreatedOnToolsVersion = 15.4;
						TestTargetID = FB6264202C6C22A000CC2597;
					};
				};
			};
			buildConfigurationList = FB6263F62C6C229E00CC2597 /* Build configuration list for PBXProject "besafe" */;
			compatibilityVersion = "Xcode 14.0";
			developmentRegion = en;
			hasScannedForEncodings = 0;
			knownRegions = (
				en,
				Base,
			);
			mainGroup = FB6263F22C6C229E00CC2597;
			productRefGroup = FB6263FC2C6C229E00CC2597 /* Products */;
			projectDirPath = "";
			projectRoot = "";
			targets = (
				FB6263FA2C6C229E00CC2597 /* besafe */,
				FB62640A2C6C22A000CC2597 /* besafeTests */,
				FB6264142C6C22A000CC2597 /* besafeUITests */,
				FB6264202C6C22A000CC2597 /* besafe Watch App */,
				FB6264322C6C22A100CC2597 /* besafe Watch AppTests */,
				FB62643C2C6C22A100CC2597 /* besafe Watch AppUITests */,
				404346942C743A0F004ED850 /* ComplicationWidgetExtension */,
			);
		};
/* End PBXProject section */

/* Begin PBXResourcesBuildPhase section */
		404346932C743A0F004ED850 /* Resources */ = {
			isa = PBXResourcesBuildPhase;
			buildActionMask = 2147483647;
			files = (
				404346A12C743A11004ED850 /* Assets.xcassets in Resources */,
			);
			runOnlyForDeploymentPostprocessing = 0;
		};
		FB6263F92C6C229E00CC2597 /* Resources */ = {
			isa = PBXResourcesBuildPhase;
			buildActionMask = 2147483647;
			files = (
				40B72FCE2C6D0ED300145D66 /* GoogleMapsData.json in Resources */,
				FBACF0C92C75E1A900C3E522 /* MockLocation.gpx in Resources */,
				FB6264062C6C22A000CC2597 /* Preview Assets.xcassets in Resources */,
				FB62646F2C6C39E700CC2597 /* Page1.storyboard in Resources */,
				FB6264032C6C22A000CC2597 /* Assets.xcassets in Resources */,
			);
			runOnlyForDeploymentPostprocessing = 0;
		};
		FB6264092C6C22A000CC2597 /* Resources */ = {
			isa = PBXResourcesBuildPhase;
			buildActionMask = 2147483647;
			files = (
			);
			runOnlyForDeploymentPostprocessing = 0;
		};
		FB6264132C6C22A000CC2597 /* Resources */ = {
			isa = PBXResourcesBuildPhase;
			buildActionMask = 2147483647;
			files = (
			);
			runOnlyForDeploymentPostprocessing = 0;
		};
		FB62641F2C6C22A000CC2597 /* Resources */ = {
			isa = PBXResourcesBuildPhase;
			buildActionMask = 2147483647;
			files = (
				FBACF0CA2C75E1A900C3E522 /* MockLocation.gpx in Resources */,
				FB62642E2C6C22A000CC2597 /* Preview Assets.xcassets in Resources */,
				FB62642B2C6C22A000CC2597 /* Assets.xcassets in Resources */,
			);
			runOnlyForDeploymentPostprocessing = 0;
		};
		FB6264312C6C22A100CC2597 /* Resources */ = {
			isa = PBXResourcesBuildPhase;
			buildActionMask = 2147483647;
			files = (
			);
			runOnlyForDeploymentPostprocessing = 0;
		};
		FB62643B2C6C22A100CC2597 /* Resources */ = {
			isa = PBXResourcesBuildPhase;
			buildActionMask = 2147483647;
			files = (
			);
			runOnlyForDeploymentPostprocessing = 0;
		};
/* End PBXResourcesBuildPhase section */

/* Begin PBXSourcesBuildPhase section */
		404346912C743A0F004ED850 /* Sources */ = {
			isa = PBXSourcesBuildPhase;
			buildActionMask = 2147483647;
			files = (
				4043469D2C743A10004ED850 /* ComplicationWidget.swift in Sources */,
			);
			runOnlyForDeploymentPostprocessing = 0;
		};
		FB6263F72C6C229E00CC2597 /* Sources */ = {
			isa = PBXSourcesBuildPhase;
			buildActionMask = 2147483647;
			files = (
				FBACF0AE2C74824D00C3E522 /* MainViewModel.swift in Sources */,
				FB6264612C6C35F200CC2597 /* HomeView.swift in Sources */,
				FBC3ED132C73C25700996946 /* LocationManager.swift in Sources */,
				FBC3ED0F2C73C14A00996946 /* DirectionView.swift in Sources */,
				AC7E58852C741A3D00E591A1 /* FullscreenCover.swift in Sources */,
				AC7E58832C741A2600E591A1 /* Sheet.swift in Sources */,
				40B72FCB2C6D0E2D00145D66 /* SafePlaceViewModel.swift in Sources */,
				AC9BA3D12C744E37000021E3 /* Variables.swift in Sources */,
				FB6263FF2C6C229E00CC2597 /* besafeApp.swift in Sources */,
				FB6264702C6C39E700CC2597 /* Page1ViewController.swift in Sources */,
				FBC3ED1D2C73C29D00996946 /* PlaceModel.swift in Sources */,
				AC7E58812C741A0600E591A1 /* Screen.swift in Sources */,
				AC395CFC2C743803003626BF /* TextfieldWithMarkerView.swift in Sources */,
				40B72FC92C6D0E0E00145D66 /* SafePlaceModel.swift in Sources */,
				FBC3ED202C73C2FA00996946 /* PageControlView.swift in Sources */,
				FBC3ED182C73C28000996946 /* Direction.swift in Sources */,
				40B72FD02C6D10F300145D66 /* SearchPlaceView.swift in Sources */,
				AC395CFA2C743309003626BF /* MarkerIconView.swift in Sources */,
				FBACF0AC2C74820300C3E522 /* MainView.swift in Sources */,
				40B72FE32C720A1C00145D66 /* SearchNearbyViewModel.swift in Sources */,
				FBACF0B02C74DB6C00C3E522 /* BackgroundBlur.swift in Sources */,
				40B72FDC2C71EC2F00145D66 /* EmergencyContactsView.swift in Sources */,
				ACF3E0F92C7589AD00A99AD7 /* WatchConnect.swift in Sources */,
				AC9BA3D72C747FBD000021E3 /* OnboardingView.swift in Sources */,
				FBC3ED0E2C73C14A00996946 /* HeaderDirectionView.swift in Sources */,
				FBC3ED1A2C73C28000996946 /* TimeFormated.swift in Sources */,
				FB6264802C6C968800CC2597 /* Extension.swift in Sources */,
				AC7E58792C74180100E591A1 /* MapOverlayView.swift in Sources */,
				AC8E96062C76D60C00AA7569 /* Overlay.swift in Sources */,
				AC395CFE2C743925003626BF /* MarkerIcon.swift in Sources */,
				ACE50A7A2C73053D007CA42D /* LocationDetailView.swift in Sources */,
				FBC3ED222C73C56000996946 /* FooterDirectionView.swift in Sources */,
				40B72FE52C720A4C00145D66 /* NearbyPlacesModel.swift in Sources */,
				FBACF0A72C74484200C3E522 /* TemporaryInitialViewmodel.swift in Sources */,
				FBACF0C62C75931F00C3E522 /* ExcludePlaceModel.swift in Sources */,
				40B72FDE2C71EDC600145D66 /* EmergencyContactsViewModel.swift in Sources */,
				40B72FC72C6D0D8B00145D66 /* SafePlaceView.swift in Sources */,
				FBACF0B22C74F16500C3E522 /* ComplateDirectionView.swift in Sources */,
				AC8E960A2C76E13100AA7569 /* ListPlacesView.swift in Sources */,
				40B72FE12C71F03C00145D66 /* EmergencyContactsModel.swift in Sources */,
				ACBB47562C6CEDA600AAC2AC /* MapPoint.swift in Sources */,
				FBACF0CE2C769B1E00C3E522 /* RouteModel.swift in Sources */,
				ACE50A762C73050C007CA42D /* CustomLocationNameView.swift in Sources */,
				ACE50A782C73051E007CA42D /* ModalityTitleView.swift in Sources */,
				AC8E96082C76DDFF00AA7569 /* ListCustomPlaces.swift in Sources */,
				FB6264632C6C360100CC2597 /* DependencyInjection.swift in Sources */,
				FB62645F2C6C34BE00CC2597 /* Router.swift in Sources */,
				404346AD2C745390004ED850 /* EmergencyPageView.swift in Sources */,
				FBACF0B82C750B2300C3E522 /* ViewState.swift in Sources */,
				FBACF0B52C74F9E300C3E522 /* SafePlaceUtils.swift in Sources */,
				ACE50A742C7303FC007CA42D /* MapPointViewModel.swift in Sources */,
				FB62647C2C6C91B400CC2597 /* RemoteDataSource.swift in Sources */,
				AC7E587C2C74192500E591A1 /* PointLogo.swift in Sources */,
				FB6264712C6C39E700CC2597 /* Page1Viewmodel.swift in Sources */,
				FB6264782C6C915800CC2597 /* SwiftDataContextManager.swift in Sources */,
				40B72FD42C6DA51000145D66 /* NearbyPlacesView.swift in Sources */,
			);
			runOnlyForDeploymentPostprocessing = 0;
		};
		FB6264072C6C22A000CC2597 /* Sources */ = {
			isa = PBXSourcesBuildPhase;
			buildActionMask = 2147483647;
			files = (
				FB6264102C6C22A000CC2597 /* besafeTests.swift in Sources */,
			);
			runOnlyForDeploymentPostprocessing = 0;
		};
		FB6264112C6C22A000CC2597 /* Sources */ = {
			isa = PBXSourcesBuildPhase;
			buildActionMask = 2147483647;
			files = (
				FB62641C2C6C22A000CC2597 /* besafeUITestsLaunchTests.swift in Sources */,
				FB62641A2C6C22A000CC2597 /* besafeUITests.swift in Sources */,
			);
			runOnlyForDeploymentPostprocessing = 0;
		};
		FB62641D2C6C22A000CC2597 /* Sources */ = {
			isa = PBXSourcesBuildPhase;
			buildActionMask = 2147483647;
			files = (
				AC9BA3D22C7451C4000021E3 /* MarkerIcon.swift in Sources */,
				FBACF0C22C752BD900C3E522 /* DirectionViewmodel.swift in Sources */,
				FBC3ED192C73C28000996946 /* Direction.swift in Sources */,
				FBACF0C42C752C7C00C3E522 /* CompleteView.swift in Sources */,
				FB6264832C6C976B00CC2597 /* Router.swift in Sources */,
				FBACF0C72C75AB8100C3E522 /* ExcludePlaceModel.swift in Sources */,
				AC7E587F2C74196300E591A1 /* SafePlaceModel.swift in Sources */,
				FB6264812C6C968800CC2597 /* Extension.swift in Sources */,
				AC9BA3E42C74DDC0000021E3 /* ModalityTitleView.swift in Sources */,
				FBC3ED142C73C25700996946 /* LocationManager.swift in Sources */,
				AC9BA3E72C74DE0D000021E3 /* SwiftDataContextManager.swift in Sources */,
				ACF3E0FA2C7589AD00A99AD7 /* WatchConnect.swift in Sources */,
				ACBB47572C6CEDA600AAC2AC /* MapPoint.swift in Sources */,
				FB6264292C6C22A000CC2597 /* ContentView.swift in Sources */,
				FBC3ED1B2C73C28000996946 /* TimeFormated.swift in Sources */,
				FBACF0B62C74F9E300C3E522 /* SafePlaceUtils.swift in Sources */,
				FBACF0CF2C769B1E00C3E522 /* RouteModel.swift in Sources */,
				FBACF0B92C750B2300C3E522 /* ViewState.swift in Sources */,
				FBC3ED1E2C73C29D00996946 /* PlaceModel.swift in Sources */,
				40E996A32C75E0190076CD3A /* EmergencyView.swift in Sources */,
				FB1E826D2C77740000B89D94 /* RemoteDataSource.swift in Sources */,
				AC9BA3E92C74DF03000021E3 /* Variables.swift in Sources */,
				AC7E587E2C74195900E591A1 /* NearbyPlacesModel.swift in Sources */,
				AC7E587D2C74193700E591A1 /* EmergencyContactsModel.swift in Sources */,
				AC9BA3E82C74DEB0000021E3 /* MapPointViewModel.swift in Sources */,
				FB6264272C6C22A000CC2597 /* besafeApp.swift in Sources */,
			);
			runOnlyForDeploymentPostprocessing = 0;
		};
		FB62642F2C6C22A100CC2597 /* Sources */ = {
			isa = PBXSourcesBuildPhase;
			buildActionMask = 2147483647;
			files = (
				FB6264382C6C22A100CC2597 /* besafe_Watch_AppTests.swift in Sources */,
			);
			runOnlyForDeploymentPostprocessing = 0;
		};
		FB6264392C6C22A100CC2597 /* Sources */ = {
			isa = PBXSourcesBuildPhase;
			buildActionMask = 2147483647;
			files = (
				FB6264442C6C22A100CC2597 /* besafe_Watch_AppUITestsLaunchTests.swift in Sources */,
				FB6264422C6C22A100CC2597 /* besafe_Watch_AppUITests.swift in Sources */,
			);
			runOnlyForDeploymentPostprocessing = 0;
		};
/* End PBXSourcesBuildPhase section */

/* Begin PBXTargetDependency section */
		404346A42C743A11004ED850 /* PBXTargetDependency */ = {
			isa = PBXTargetDependency;
			target = 404346942C743A0F004ED850 /* ComplicationWidgetExtension */;
			targetProxy = 404346A32C743A11004ED850 /* PBXContainerItemProxy */;
		};
		FB62640D2C6C22A000CC2597 /* PBXTargetDependency */ = {
			isa = PBXTargetDependency;
			target = FB6263FA2C6C229E00CC2597 /* besafe */;
			targetProxy = FB62640C2C6C22A000CC2597 /* PBXContainerItemProxy */;
		};
		FB6264172C6C22A000CC2597 /* PBXTargetDependency */ = {
			isa = PBXTargetDependency;
			target = FB6263FA2C6C229E00CC2597 /* besafe */;
			targetProxy = FB6264162C6C22A000CC2597 /* PBXContainerItemProxy */;
		};
		FB6264242C6C22A000CC2597 /* PBXTargetDependency */ = {
			isa = PBXTargetDependency;
			target = FB6264202C6C22A000CC2597 /* besafe Watch App */;
			targetProxy = FB6264232C6C22A000CC2597 /* PBXContainerItemProxy */;
		};
		FB6264352C6C22A100CC2597 /* PBXTargetDependency */ = {
			isa = PBXTargetDependency;
			target = FB6264202C6C22A000CC2597 /* besafe Watch App */;
			targetProxy = FB6264342C6C22A100CC2597 /* PBXContainerItemProxy */;
		};
		FB62643F2C6C22A100CC2597 /* PBXTargetDependency */ = {
			isa = PBXTargetDependency;
			target = FB6264202C6C22A000CC2597 /* besafe Watch App */;
			targetProxy = FB62643E2C6C22A100CC2597 /* PBXContainerItemProxy */;
		};
/* End PBXTargetDependency section */

/* Begin XCBuildConfiguration section */
		404346A72C743A11004ED850 /* Debug */ = {
			isa = XCBuildConfiguration;
			buildSettings = {
				ASSETCATALOG_COMPILER_GLOBAL_ACCENT_COLOR_NAME = AccentColor;
				ASSETCATALOG_COMPILER_WIDGET_BACKGROUND_COLOR_NAME = WidgetBackground;
				CODE_SIGN_STYLE = Automatic;
				CURRENT_PROJECT_VERSION = 1;
				DEVELOPMENT_TEAM = 6Y742356Q3;
				GENERATE_INFOPLIST_FILE = YES;
				INFOPLIST_FILE = ComplicationWidget/Info.plist;
				INFOPLIST_KEY_CFBundleDisplayName = ComplicationWidget;
				INFOPLIST_KEY_NSHumanReadableCopyright = "";
				LD_RUNPATH_SEARCH_PATHS = (
					"$(inherited)",
					"@executable_path/Frameworks",
					"@executable_path/../../Frameworks",
					"@executable_path/../../../../Frameworks",
				);
				MARKETING_VERSION = 1.0;
				PRODUCT_BUNDLE_IDENTIFIER = com.kirby.besafe.watchkitapp.ComplicationWidget;
				PRODUCT_NAME = "$(TARGET_NAME)";
				SDKROOT = watchos;
				SKIP_INSTALL = YES;
				SWIFT_EMIT_LOC_STRINGS = YES;
				SWIFT_VERSION = 5.0;
				TARGETED_DEVICE_FAMILY = 4;
				WATCHOS_DEPLOYMENT_TARGET = 10.2;
			};
			name = Debug;
		};
		404346A82C743A11004ED850 /* Release */ = {
			isa = XCBuildConfiguration;
			buildSettings = {
				ASSETCATALOG_COMPILER_GLOBAL_ACCENT_COLOR_NAME = AccentColor;
				ASSETCATALOG_COMPILER_WIDGET_BACKGROUND_COLOR_NAME = WidgetBackground;
				CODE_SIGN_STYLE = Automatic;
				CURRENT_PROJECT_VERSION = 1;
				DEVELOPMENT_TEAM = 6Y742356Q3;
				GENERATE_INFOPLIST_FILE = YES;
				INFOPLIST_FILE = ComplicationWidget/Info.plist;
				INFOPLIST_KEY_CFBundleDisplayName = ComplicationWidget;
				INFOPLIST_KEY_NSHumanReadableCopyright = "";
				LD_RUNPATH_SEARCH_PATHS = (
					"$(inherited)",
					"@executable_path/Frameworks",
					"@executable_path/../../Frameworks",
					"@executable_path/../../../../Frameworks",
				);
				MARKETING_VERSION = 1.0;
				PRODUCT_BUNDLE_IDENTIFIER = com.kirby.besafe.watchkitapp.ComplicationWidget;
				PRODUCT_NAME = "$(TARGET_NAME)";
				SDKROOT = watchos;
				SKIP_INSTALL = YES;
				SWIFT_EMIT_LOC_STRINGS = YES;
				SWIFT_VERSION = 5.0;
				TARGETED_DEVICE_FAMILY = 4;
				VALIDATE_PRODUCT = YES;
				WATCHOS_DEPLOYMENT_TARGET = 10.2;
			};
			name = Release;
		};
		FB6264452C6C22A100CC2597 /* Debug */ = {
			isa = XCBuildConfiguration;
			buildSettings = {
				ALWAYS_SEARCH_USER_PATHS = NO;
				ASSETCATALOG_COMPILER_GENERATE_SWIFT_ASSET_SYMBOL_EXTENSIONS = YES;
				CLANG_ANALYZER_NONNULL = YES;
				CLANG_ANALYZER_NUMBER_OBJECT_CONVERSION = YES_AGGRESSIVE;
				CLANG_CXX_LANGUAGE_STANDARD = "gnu++20";
				CLANG_ENABLE_MODULES = YES;
				CLANG_ENABLE_OBJC_ARC = YES;
				CLANG_ENABLE_OBJC_WEAK = YES;
				CLANG_WARN_BLOCK_CAPTURE_AUTORELEASING = YES;
				CLANG_WARN_BOOL_CONVERSION = YES;
				CLANG_WARN_COMMA = YES;
				CLANG_WARN_CONSTANT_CONVERSION = YES;
				CLANG_WARN_DEPRECATED_OBJC_IMPLEMENTATIONS = YES;
				CLANG_WARN_DIRECT_OBJC_ISA_USAGE = YES_ERROR;
				CLANG_WARN_DOCUMENTATION_COMMENTS = YES;
				CLANG_WARN_EMPTY_BODY = YES;
				CLANG_WARN_ENUM_CONVERSION = YES;
				CLANG_WARN_INFINITE_RECURSION = YES;
				CLANG_WARN_INT_CONVERSION = YES;
				CLANG_WARN_NON_LITERAL_NULL_CONVERSION = YES;
				CLANG_WARN_OBJC_IMPLICIT_RETAIN_SELF = YES;
				CLANG_WARN_OBJC_LITERAL_CONVERSION = YES;
				CLANG_WARN_OBJC_ROOT_CLASS = YES_ERROR;
				CLANG_WARN_QUOTED_INCLUDE_IN_FRAMEWORK_HEADER = YES;
				CLANG_WARN_RANGE_LOOP_ANALYSIS = YES;
				CLANG_WARN_STRICT_PROTOTYPES = YES;
				CLANG_WARN_SUSPICIOUS_MOVE = YES;
				CLANG_WARN_UNGUARDED_AVAILABILITY = YES_AGGRESSIVE;
				CLANG_WARN_UNREACHABLE_CODE = YES;
				CLANG_WARN__DUPLICATE_METHOD_MATCH = YES;
				COPY_PHASE_STRIP = NO;
				DEBUG_INFORMATION_FORMAT = dwarf;
				ENABLE_STRICT_OBJC_MSGSEND = YES;
				ENABLE_TESTABILITY = YES;
				ENABLE_USER_SCRIPT_SANDBOXING = YES;
				GCC_C_LANGUAGE_STANDARD = gnu17;
				GCC_DYNAMIC_NO_PIC = NO;
				GCC_NO_COMMON_BLOCKS = YES;
				GCC_OPTIMIZATION_LEVEL = 0;
				GCC_PREPROCESSOR_DEFINITIONS = (
					"DEBUG=1",
					"$(inherited)",
				);
				GCC_WARN_64_TO_32_BIT_CONVERSION = YES;
				GCC_WARN_ABOUT_RETURN_TYPE = YES_ERROR;
				GCC_WARN_UNDECLARED_SELECTOR = YES;
				GCC_WARN_UNINITIALIZED_AUTOS = YES_AGGRESSIVE;
				GCC_WARN_UNUSED_FUNCTION = YES;
				GCC_WARN_UNUSED_VARIABLE = YES;
				LOCALIZATION_PREFERS_STRING_CATALOGS = YES;
				MTL_ENABLE_DEBUG_INFO = INCLUDE_SOURCE;
				MTL_FAST_MATH = YES;
				ONLY_ACTIVE_ARCH = YES;
				SWIFT_ACTIVE_COMPILATION_CONDITIONS = "DEBUG $(inherited)";
				SWIFT_OPTIMIZATION_LEVEL = "-Onone";
			};
			name = Debug;
		};
		FB6264462C6C22A100CC2597 /* Release */ = {
			isa = XCBuildConfiguration;
			buildSettings = {
				ALWAYS_SEARCH_USER_PATHS = NO;
				ASSETCATALOG_COMPILER_GENERATE_SWIFT_ASSET_SYMBOL_EXTENSIONS = YES;
				CLANG_ANALYZER_NONNULL = YES;
				CLANG_ANALYZER_NUMBER_OBJECT_CONVERSION = YES_AGGRESSIVE;
				CLANG_CXX_LANGUAGE_STANDARD = "gnu++20";
				CLANG_ENABLE_MODULES = YES;
				CLANG_ENABLE_OBJC_ARC = YES;
				CLANG_ENABLE_OBJC_WEAK = YES;
				CLANG_WARN_BLOCK_CAPTURE_AUTORELEASING = YES;
				CLANG_WARN_BOOL_CONVERSION = YES;
				CLANG_WARN_COMMA = YES;
				CLANG_WARN_CONSTANT_CONVERSION = YES;
				CLANG_WARN_DEPRECATED_OBJC_IMPLEMENTATIONS = YES;
				CLANG_WARN_DIRECT_OBJC_ISA_USAGE = YES_ERROR;
				CLANG_WARN_DOCUMENTATION_COMMENTS = YES;
				CLANG_WARN_EMPTY_BODY = YES;
				CLANG_WARN_ENUM_CONVERSION = YES;
				CLANG_WARN_INFINITE_RECURSION = YES;
				CLANG_WARN_INT_CONVERSION = YES;
				CLANG_WARN_NON_LITERAL_NULL_CONVERSION = YES;
				CLANG_WARN_OBJC_IMPLICIT_RETAIN_SELF = YES;
				CLANG_WARN_OBJC_LITERAL_CONVERSION = YES;
				CLANG_WARN_OBJC_ROOT_CLASS = YES_ERROR;
				CLANG_WARN_QUOTED_INCLUDE_IN_FRAMEWORK_HEADER = YES;
				CLANG_WARN_RANGE_LOOP_ANALYSIS = YES;
				CLANG_WARN_STRICT_PROTOTYPES = YES;
				CLANG_WARN_SUSPICIOUS_MOVE = YES;
				CLANG_WARN_UNGUARDED_AVAILABILITY = YES_AGGRESSIVE;
				CLANG_WARN_UNREACHABLE_CODE = YES;
				CLANG_WARN__DUPLICATE_METHOD_MATCH = YES;
				COPY_PHASE_STRIP = NO;
				DEBUG_INFORMATION_FORMAT = "dwarf-with-dsym";
				ENABLE_NS_ASSERTIONS = NO;
				ENABLE_STRICT_OBJC_MSGSEND = YES;
				ENABLE_USER_SCRIPT_SANDBOXING = YES;
				GCC_C_LANGUAGE_STANDARD = gnu17;
				GCC_NO_COMMON_BLOCKS = YES;
				GCC_WARN_64_TO_32_BIT_CONVERSION = YES;
				GCC_WARN_ABOUT_RETURN_TYPE = YES_ERROR;
				GCC_WARN_UNDECLARED_SELECTOR = YES;
				GCC_WARN_UNINITIALIZED_AUTOS = YES_AGGRESSIVE;
				GCC_WARN_UNUSED_FUNCTION = YES;
				GCC_WARN_UNUSED_VARIABLE = YES;
				LOCALIZATION_PREFERS_STRING_CATALOGS = YES;
				MTL_ENABLE_DEBUG_INFO = NO;
				MTL_FAST_MATH = YES;
				SWIFT_COMPILATION_MODE = wholemodule;
			};
			name = Release;
		};
		FB6264482C6C22A100CC2597 /* Debug */ = {
			isa = XCBuildConfiguration;
			buildSettings = {
				ALWAYS_EMBED_SWIFT_STANDARD_LIBRARIES = YES;
				ASSETCATALOG_COMPILER_APPICON_NAME = AppIcon;
				ASSETCATALOG_COMPILER_GLOBAL_ACCENT_COLOR_NAME = AccentColor;
				CODE_SIGN_ENTITLEMENTS = "besafe Watch App/besafe Watch App.entitlements";
				CODE_SIGN_STYLE = Automatic;
				CURRENT_PROJECT_VERSION = 1;
				DEVELOPMENT_ASSET_PATHS = "\"besafe Watch App/Preview Content\"";
				DEVELOPMENT_TEAM = ARLGKL6RC3;
				ENABLE_PREVIEWS = YES;
				GENERATE_INFOPLIST_FILE = YES;
				INFOPLIST_KEY_CFBundleDisplayName = besafe;
				INFOPLIST_KEY_NSLocationWhenInUseUsageDescription = "Get user location";
				INFOPLIST_KEY_UISupportedInterfaceOrientations = "UIInterfaceOrientationPortrait UIInterfaceOrientationPortraitUpsideDown";
				INFOPLIST_KEY_WKCompanionAppBundleIdentifier = com.kirby.besafe;
				LD_RUNPATH_SEARCH_PATHS = (
					"$(inherited)",
					"@executable_path/Frameworks",
				);
				MARKETING_VERSION = 1.0;
				PRODUCT_BUNDLE_IDENTIFIER = com.kirby.besafe.watchkitapp;
				PRODUCT_NAME = "$(TARGET_NAME)";
				SDKROOT = watchos;
				SKIP_INSTALL = YES;
				SWIFT_EMIT_LOC_STRINGS = YES;
				SWIFT_VERSION = 5.0;
				TARGETED_DEVICE_FAMILY = 4;
				WATCHOS_DEPLOYMENT_TARGET = 10.0;
			};
			name = Debug;
		};
		FB6264492C6C22A100CC2597 /* Release */ = {
			isa = XCBuildConfiguration;
			buildSettings = {
				ALWAYS_EMBED_SWIFT_STANDARD_LIBRARIES = YES;
				ASSETCATALOG_COMPILER_APPICON_NAME = AppIcon;
				ASSETCATALOG_COMPILER_GLOBAL_ACCENT_COLOR_NAME = AccentColor;
				CODE_SIGN_ENTITLEMENTS = "besafe Watch App/besafe Watch App.entitlements";
				CODE_SIGN_STYLE = Automatic;
				CURRENT_PROJECT_VERSION = 1;
				DEVELOPMENT_ASSET_PATHS = "\"besafe Watch App/Preview Content\"";
				DEVELOPMENT_TEAM = ARLGKL6RC3;
				ENABLE_PREVIEWS = YES;
				GENERATE_INFOPLIST_FILE = YES;
				INFOPLIST_KEY_CFBundleDisplayName = besafe;
				INFOPLIST_KEY_NSLocationWhenInUseUsageDescription = "Get user location";
				INFOPLIST_KEY_UISupportedInterfaceOrientations = "UIInterfaceOrientationPortrait UIInterfaceOrientationPortraitUpsideDown";
				INFOPLIST_KEY_WKCompanionAppBundleIdentifier = com.kirby.besafe;
				LD_RUNPATH_SEARCH_PATHS = (
					"$(inherited)",
					"@executable_path/Frameworks",
				);
				MARKETING_VERSION = 1.0;
				PRODUCT_BUNDLE_IDENTIFIER = com.kirby.besafe.watchkitapp;
				PRODUCT_NAME = "$(TARGET_NAME)";
				SDKROOT = watchos;
				SKIP_INSTALL = YES;
				SWIFT_EMIT_LOC_STRINGS = YES;
				SWIFT_VERSION = 5.0;
				TARGETED_DEVICE_FAMILY = 4;
				VALIDATE_PRODUCT = YES;
				WATCHOS_DEPLOYMENT_TARGET = 10.0;
			};
			name = Release;
		};
		FB62644C2C6C22A100CC2597 /* Debug */ = {
			isa = XCBuildConfiguration;
			buildSettings = {
				ALWAYS_EMBED_SWIFT_STANDARD_LIBRARIES = YES;
				ASSETCATALOG_COMPILER_APPICON_NAME = AppIcon;
				ASSETCATALOG_COMPILER_GLOBAL_ACCENT_COLOR_NAME = AccentColor;
				CODE_SIGN_ENTITLEMENTS = besafe/besafe.entitlements;
				CODE_SIGN_STYLE = Automatic;
				CURRENT_PROJECT_VERSION = 1;
				DEVELOPMENT_ASSET_PATHS = "\"besafe/Preview Content\"";
				DEVELOPMENT_TEAM = ARLGKL6RC3;
				ENABLE_PREVIEWS = YES;
				GENERATE_INFOPLIST_FILE = YES;
				INFOPLIST_FILE = besafe/Info.plist;
				INFOPLIST_KEY_CFBundleDisplayName = besafe;
				INFOPLIST_KEY_NSContactsUsageDescription = "BeSafe needs access to your contacts to retrieve emergency contacts.";
				INFOPLIST_KEY_NSLocationWhenInUseUsageDescription = "Get user location";
				INFOPLIST_KEY_UIApplicationSceneManifest_Generation = YES;
				INFOPLIST_KEY_UIApplicationSupportsIndirectInputEvents = YES;
				INFOPLIST_KEY_UILaunchScreen_Generation = YES;
				INFOPLIST_KEY_UISupportedInterfaceOrientations_iPad = "UIInterfaceOrientationPortrait UIInterfaceOrientationPortraitUpsideDown UIInterfaceOrientationLandscapeLeft UIInterfaceOrientationLandscapeRight";
				INFOPLIST_KEY_UISupportedInterfaceOrientations_iPhone = "UIInterfaceOrientationPortrait UIInterfaceOrientationLandscapeLeft UIInterfaceOrientationLandscapeRight";
				IPHONEOS_DEPLOYMENT_TARGET = 17.2;
				LD_RUNPATH_SEARCH_PATHS = (
					"$(inherited)",
					"@executable_path/Frameworks",
				);
				MARKETING_VERSION = 1.0;
				PRODUCT_BUNDLE_IDENTIFIER = com.kirby.besafe;
				PRODUCT_NAME = "$(TARGET_NAME)";
				SDKROOT = iphoneos;
				SWIFT_EMIT_LOC_STRINGS = YES;
				SWIFT_VERSION = 5.0;
				TARGETED_DEVICE_FAMILY = "1,2";
			};
			name = Debug;
		};
		FB62644D2C6C22A100CC2597 /* Release */ = {
			isa = XCBuildConfiguration;
			buildSettings = {
				ALWAYS_EMBED_SWIFT_STANDARD_LIBRARIES = YES;
				ASSETCATALOG_COMPILER_APPICON_NAME = AppIcon;
				ASSETCATALOG_COMPILER_GLOBAL_ACCENT_COLOR_NAME = AccentColor;
				CODE_SIGN_ENTITLEMENTS = besafe/besafe.entitlements;
				CODE_SIGN_STYLE = Automatic;
				CURRENT_PROJECT_VERSION = 1;
				DEVELOPMENT_ASSET_PATHS = "\"besafe/Preview Content\"";
				DEVELOPMENT_TEAM = ARLGKL6RC3;
				ENABLE_PREVIEWS = YES;
				GENERATE_INFOPLIST_FILE = YES;
				INFOPLIST_FILE = besafe/Info.plist;
				INFOPLIST_KEY_CFBundleDisplayName = besafe;
				INFOPLIST_KEY_NSContactsUsageDescription = "BeSafe needs access to your contacts to retrieve emergency contacts.";
				INFOPLIST_KEY_NSLocationWhenInUseUsageDescription = "Get user location";
				INFOPLIST_KEY_UIApplicationSceneManifest_Generation = YES;
				INFOPLIST_KEY_UIApplicationSupportsIndirectInputEvents = YES;
				INFOPLIST_KEY_UILaunchScreen_Generation = YES;
				INFOPLIST_KEY_UISupportedInterfaceOrientations_iPad = "UIInterfaceOrientationPortrait UIInterfaceOrientationPortraitUpsideDown UIInterfaceOrientationLandscapeLeft UIInterfaceOrientationLandscapeRight";
				INFOPLIST_KEY_UISupportedInterfaceOrientations_iPhone = "UIInterfaceOrientationPortrait UIInterfaceOrientationLandscapeLeft UIInterfaceOrientationLandscapeRight";
				IPHONEOS_DEPLOYMENT_TARGET = 17.2;
				LD_RUNPATH_SEARCH_PATHS = (
					"$(inherited)",
					"@executable_path/Frameworks",
				);
				MARKETING_VERSION = 1.0;
				PRODUCT_BUNDLE_IDENTIFIER = com.kirby.besafe;
				PRODUCT_NAME = "$(TARGET_NAME)";
				SDKROOT = iphoneos;
				SWIFT_EMIT_LOC_STRINGS = YES;
				SWIFT_VERSION = 5.0;
				TARGETED_DEVICE_FAMILY = "1,2";
				VALIDATE_PRODUCT = YES;
			};
			name = Release;
		};
		FB62644F2C6C22A100CC2597 /* Debug */ = {
			isa = XCBuildConfiguration;
			buildSettings = {
				ALWAYS_EMBED_SWIFT_STANDARD_LIBRARIES = YES;
				BUNDLE_LOADER = "$(TEST_HOST)";
				CODE_SIGN_STYLE = Automatic;
				CURRENT_PROJECT_VERSION = 1;
				DEVELOPMENT_TEAM = 68FP6TZ275;
				GENERATE_INFOPLIST_FILE = YES;
				IPHONEOS_DEPLOYMENT_TARGET = 17.5;
				MARKETING_VERSION = 1.0;
				PRODUCT_BUNDLE_IDENTIFIER = com.kirby.besafeTests;
				PRODUCT_NAME = "$(TARGET_NAME)";
				SDKROOT = iphoneos;
				SWIFT_EMIT_LOC_STRINGS = NO;
				SWIFT_VERSION = 5.0;
				TARGETED_DEVICE_FAMILY = "1,2";
				TEST_HOST = "$(BUILT_PRODUCTS_DIR)/besafe.app/$(BUNDLE_EXECUTABLE_FOLDER_PATH)/besafe";
			};
			name = Debug;
		};
		FB6264502C6C22A100CC2597 /* Release */ = {
			isa = XCBuildConfiguration;
			buildSettings = {
				ALWAYS_EMBED_SWIFT_STANDARD_LIBRARIES = YES;
				BUNDLE_LOADER = "$(TEST_HOST)";
				CODE_SIGN_STYLE = Automatic;
				CURRENT_PROJECT_VERSION = 1;
				DEVELOPMENT_TEAM = 68FP6TZ275;
				GENERATE_INFOPLIST_FILE = YES;
				IPHONEOS_DEPLOYMENT_TARGET = 17.5;
				MARKETING_VERSION = 1.0;
				PRODUCT_BUNDLE_IDENTIFIER = com.kirby.besafeTests;
				PRODUCT_NAME = "$(TARGET_NAME)";
				SDKROOT = iphoneos;
				SWIFT_EMIT_LOC_STRINGS = NO;
				SWIFT_VERSION = 5.0;
				TARGETED_DEVICE_FAMILY = "1,2";
				TEST_HOST = "$(BUILT_PRODUCTS_DIR)/besafe.app/$(BUNDLE_EXECUTABLE_FOLDER_PATH)/besafe";
				VALIDATE_PRODUCT = YES;
			};
			name = Release;
		};
		FB6264522C6C22A100CC2597 /* Debug */ = {
			isa = XCBuildConfiguration;
			buildSettings = {
				ALWAYS_EMBED_SWIFT_STANDARD_LIBRARIES = YES;
				CODE_SIGN_STYLE = Automatic;
				CURRENT_PROJECT_VERSION = 1;
				DEVELOPMENT_TEAM = 68FP6TZ275;
				GENERATE_INFOPLIST_FILE = YES;
				IPHONEOS_DEPLOYMENT_TARGET = 17.5;
				MARKETING_VERSION = 1.0;
				PRODUCT_BUNDLE_IDENTIFIER = com.kirby.besafeUITests;
				PRODUCT_NAME = "$(TARGET_NAME)";
				SDKROOT = iphoneos;
				SWIFT_EMIT_LOC_STRINGS = NO;
				SWIFT_VERSION = 5.0;
				TARGETED_DEVICE_FAMILY = "1,2";
				TEST_TARGET_NAME = besafe;
			};
			name = Debug;
		};
		FB6264532C6C22A100CC2597 /* Release */ = {
			isa = XCBuildConfiguration;
			buildSettings = {
				ALWAYS_EMBED_SWIFT_STANDARD_LIBRARIES = YES;
				CODE_SIGN_STYLE = Automatic;
				CURRENT_PROJECT_VERSION = 1;
				DEVELOPMENT_TEAM = 68FP6TZ275;
				GENERATE_INFOPLIST_FILE = YES;
				IPHONEOS_DEPLOYMENT_TARGET = 17.5;
				MARKETING_VERSION = 1.0;
				PRODUCT_BUNDLE_IDENTIFIER = com.kirby.besafeUITests;
				PRODUCT_NAME = "$(TARGET_NAME)";
				SDKROOT = iphoneos;
				SWIFT_EMIT_LOC_STRINGS = NO;
				SWIFT_VERSION = 5.0;
				TARGETED_DEVICE_FAMILY = "1,2";
				TEST_TARGET_NAME = besafe;
				VALIDATE_PRODUCT = YES;
			};
			name = Release;
		};
		FB6264552C6C22A100CC2597 /* Debug */ = {
			isa = XCBuildConfiguration;
			buildSettings = {
				ALWAYS_EMBED_SWIFT_STANDARD_LIBRARIES = YES;
				BUNDLE_LOADER = "$(TEST_HOST)";
				CODE_SIGN_STYLE = Automatic;
				CURRENT_PROJECT_VERSION = 1;
				DEVELOPMENT_TEAM = 68FP6TZ275;
				GENERATE_INFOPLIST_FILE = YES;
				MARKETING_VERSION = 1.0;
				PRODUCT_BUNDLE_IDENTIFIER = "com.kirby.besafe-Watch-AppTests";
				PRODUCT_NAME = "$(TARGET_NAME)";
				SDKROOT = watchos;
				SWIFT_EMIT_LOC_STRINGS = NO;
				SWIFT_VERSION = 5.0;
				TARGETED_DEVICE_FAMILY = 4;
				TEST_HOST = "$(BUILT_PRODUCTS_DIR)/besafe Watch App.app/$(BUNDLE_EXECUTABLE_FOLDER_PATH)/besafe Watch App";
				WATCHOS_DEPLOYMENT_TARGET = 10.5;
			};
			name = Debug;
		};
		FB6264562C6C22A100CC2597 /* Release */ = {
			isa = XCBuildConfiguration;
			buildSettings = {
				ALWAYS_EMBED_SWIFT_STANDARD_LIBRARIES = YES;
				BUNDLE_LOADER = "$(TEST_HOST)";
				CODE_SIGN_STYLE = Automatic;
				CURRENT_PROJECT_VERSION = 1;
				DEVELOPMENT_TEAM = 68FP6TZ275;
				GENERATE_INFOPLIST_FILE = YES;
				MARKETING_VERSION = 1.0;
				PRODUCT_BUNDLE_IDENTIFIER = "com.kirby.besafe-Watch-AppTests";
				PRODUCT_NAME = "$(TARGET_NAME)";
				SDKROOT = watchos;
				SWIFT_EMIT_LOC_STRINGS = NO;
				SWIFT_VERSION = 5.0;
				TARGETED_DEVICE_FAMILY = 4;
				TEST_HOST = "$(BUILT_PRODUCTS_DIR)/besafe Watch App.app/$(BUNDLE_EXECUTABLE_FOLDER_PATH)/besafe Watch App";
				VALIDATE_PRODUCT = YES;
				WATCHOS_DEPLOYMENT_TARGET = 10.5;
			};
			name = Release;
		};
		FB6264582C6C22A100CC2597 /* Debug */ = {
			isa = XCBuildConfiguration;
			buildSettings = {
				ALWAYS_EMBED_SWIFT_STANDARD_LIBRARIES = YES;
				CODE_SIGN_STYLE = Automatic;
				CURRENT_PROJECT_VERSION = 1;
				DEVELOPMENT_TEAM = 68FP6TZ275;
				GENERATE_INFOPLIST_FILE = YES;
				MARKETING_VERSION = 1.0;
				PRODUCT_BUNDLE_IDENTIFIER = "com.kirby.besafe-Watch-AppUITests";
				PRODUCT_NAME = "$(TARGET_NAME)";
				SDKROOT = watchos;
				SWIFT_EMIT_LOC_STRINGS = NO;
				SWIFT_VERSION = 5.0;
				TARGETED_DEVICE_FAMILY = 4;
				TEST_TARGET_NAME = "besafe Watch App";
				WATCHOS_DEPLOYMENT_TARGET = 10.5;
			};
			name = Debug;
		};
		FB6264592C6C22A100CC2597 /* Release */ = {
			isa = XCBuildConfiguration;
			buildSettings = {
				ALWAYS_EMBED_SWIFT_STANDARD_LIBRARIES = YES;
				CODE_SIGN_STYLE = Automatic;
				CURRENT_PROJECT_VERSION = 1;
				DEVELOPMENT_TEAM = 68FP6TZ275;
				GENERATE_INFOPLIST_FILE = YES;
				MARKETING_VERSION = 1.0;
				PRODUCT_BUNDLE_IDENTIFIER = "com.kirby.besafe-Watch-AppUITests";
				PRODUCT_NAME = "$(TARGET_NAME)";
				SDKROOT = watchos;
				SWIFT_EMIT_LOC_STRINGS = NO;
				SWIFT_VERSION = 5.0;
				TARGETED_DEVICE_FAMILY = 4;
				TEST_TARGET_NAME = "besafe Watch App";
				VALIDATE_PRODUCT = YES;
				WATCHOS_DEPLOYMENT_TARGET = 10.5;
			};
			name = Release;
		};
/* End XCBuildConfiguration section */

/* Begin XCConfigurationList section */
		404346A92C743A11004ED850 /* Build configuration list for PBXNativeTarget "ComplicationWidgetExtension" */ = {
			isa = XCConfigurationList;
			buildConfigurations = (
				404346A72C743A11004ED850 /* Debug */,
				404346A82C743A11004ED850 /* Release */,
			);
			defaultConfigurationIsVisible = 0;
			defaultConfigurationName = Release;
		};
		FB6263F62C6C229E00CC2597 /* Build configuration list for PBXProject "besafe" */ = {
			isa = XCConfigurationList;
			buildConfigurations = (
				FB6264452C6C22A100CC2597 /* Debug */,
				FB6264462C6C22A100CC2597 /* Release */,
			);
			defaultConfigurationIsVisible = 0;
			defaultConfigurationName = Release;
		};
		FB6264472C6C22A100CC2597 /* Build configuration list for PBXNativeTarget "besafe Watch App" */ = {
			isa = XCConfigurationList;
			buildConfigurations = (
				FB6264482C6C22A100CC2597 /* Debug */,
				FB6264492C6C22A100CC2597 /* Release */,
			);
			defaultConfigurationIsVisible = 0;
			defaultConfigurationName = Release;
		};
		FB62644B2C6C22A100CC2597 /* Build configuration list for PBXNativeTarget "besafe" */ = {
			isa = XCConfigurationList;
			buildConfigurations = (
				FB62644C2C6C22A100CC2597 /* Debug */,
				FB62644D2C6C22A100CC2597 /* Release */,
			);
			defaultConfigurationIsVisible = 0;
			defaultConfigurationName = Release;
		};
		FB62644E2C6C22A100CC2597 /* Build configuration list for PBXNativeTarget "besafeTests" */ = {
			isa = XCConfigurationList;
			buildConfigurations = (
				FB62644F2C6C22A100CC2597 /* Debug */,
				FB6264502C6C22A100CC2597 /* Release */,
			);
			defaultConfigurationIsVisible = 0;
			defaultConfigurationName = Release;
		};
		FB6264512C6C22A100CC2597 /* Build configuration list for PBXNativeTarget "besafeUITests" */ = {
			isa = XCConfigurationList;
			buildConfigurations = (
				FB6264522C6C22A100CC2597 /* Debug */,
				FB6264532C6C22A100CC2597 /* Release */,
			);
			defaultConfigurationIsVisible = 0;
			defaultConfigurationName = Release;
		};
		FB6264542C6C22A100CC2597 /* Build configuration list for PBXNativeTarget "besafe Watch AppTests" */ = {
			isa = XCConfigurationList;
			buildConfigurations = (
				FB6264552C6C22A100CC2597 /* Debug */,
				FB6264562C6C22A100CC2597 /* Release */,
			);
			defaultConfigurationIsVisible = 0;
			defaultConfigurationName = Release;
		};
		FB6264572C6C22A100CC2597 /* Build configuration list for PBXNativeTarget "besafe Watch AppUITests" */ = {
			isa = XCConfigurationList;
			buildConfigurations = (
				FB6264582C6C22A100CC2597 /* Debug */,
				FB6264592C6C22A100CC2597 /* Release */,
			);
			defaultConfigurationIsVisible = 0;
			defaultConfigurationName = Release;
		};
/* End XCConfigurationList section */
	};
	rootObject = FB6263F32C6C229E00CC2597 /* Project object */;
}
